
Microsoft Visual Studio Solution File, Format Version 12.00
# Visual Studio 15
VisualStudioVersion = 15.0.28307.779
MinimumVisualStudioVersion = 10.0.40219.1
Project("{FAE04EC0-301F-11D3-BF4B-00C04F79EFBC}") = "NO.022_回文字符串", "NO.022_回文字符串\NO.022_回文字符串.csproj", "{537EF2A4-EF3B-439F-9F42-A2FED2302355}"
EndProject
Global
	GlobalSection(SolutionConfigurationPlatforms) = preSolution
		Debug|Any CPU = Debug|Any CPU
		Release|Any CPU = Release|Any CPU
	EndGlobalSection
	GlobalSection(ProjectConfigurationPlatforms) = postSolution
		{537EF2A4-EF3B-439F-9F42-A2FED2302355}.Debug|Any CPU.ActiveCfg = Debug|Any CPU
		{537EF2A4-EF3B-439F-9F42-A2FED2302355}.Debug|Any CPU.Build.0 = Debug|Any CPU
		{537EF2A4-EF3B-439F-9F42-A2FED2302355}.Release|Any CPU.ActiveCfg = Release|Any CPU
		{537EF2A4-EF3B-439F-9F42-A2FED2302355}.Release|Any CPU.Build.0 = Release|Any CPU
	EndGlobalSection
	GlobalSection(SolutionProperties) = preSolution
		HideSolutionNode = FALSE
	EndGlobalSection
	GlobalSection(ExtensibilityGlobals) = postSolution
		SolutionGuid = {79935DF2-DCEE-4CA5-B09F-FA43634A8D97}
	EndGlobalSection
EndGlobal
