
Microsoft Visual Studio Solution File, Format Version 12.00
# Visual Studio 15
VisualStudioVersion = 15.0.28307.705
MinimumVisualStudioVersion = 10.0.40219.1
Project("{FAE04EC0-301F-11D3-BF4B-00C04F79EFBC}") = "NO.005_数对", "NO.005_数对\NO.005_数对.csproj", "{4FCFAB3F-E7AB-4469-B334-BD972D48E9A8}"
EndProject
Global
	GlobalSection(SolutionConfigurationPlatforms) = preSolution
		Debug|Any CPU = Debug|Any CPU
		Release|Any CPU = Release|Any CPU
	EndGlobalSection
	GlobalSection(ProjectConfigurationPlatforms) = postSolution
		{4FCFAB3F-E7AB-4469-B334-BD972D48E9A8}.Debug|Any CPU.ActiveCfg = Debug|Any CPU
		{4FCFAB3F-E7AB-4469-B334-BD972D48E9A8}.Debug|Any CPU.Build.0 = Debug|Any CPU
		{4FCFAB3F-E7AB-4469-B334-BD972D48E9A8}.Release|Any CPU.ActiveCfg = Release|Any CPU
		{4FCFAB3F-E7AB-4469-B334-BD972D48E9A8}.Release|Any CPU.Build.0 = Release|Any CPU
	EndGlobalSection
	GlobalSection(SolutionProperties) = preSolution
		HideSolutionNode = FALSE
	EndGlobalSection
	GlobalSection(ExtensibilityGlobals) = postSolution
		SolutionGuid = {ABE08B63-93F5-4B63-8666-C5070A54D297}
	EndGlobalSection
EndGlobal
