
Microsoft Visual Studio Solution File, Format Version 12.00
# Visual Studio 15
VisualStudioVersion = 15.0.28307.705
MinimumVisualStudioVersion = 10.0.40219.1
Project("{FAE04EC0-301F-11D3-BF4B-00C04F79EFBC}") = "StringBuilder使用", "StringBuilder使用\StringBuilder使用.csproj", "{AD79D17B-9BC8-48F6-961C-278C5869B01D}"
EndProject
Project("{FAE04EC0-301F-11D3-BF4B-00C04F79EFBC}") = "正则表达式", "正则表达式\正则表达式.csproj", "{0AEBFFB5-B943-4B41-8EEA-5D2920B94311}"
EndProject
Project("{FAE04EC0-301F-11D3-BF4B-00C04F79EFBC}") = "Action委托", "Action委托\Action委托.csproj", "{85DB56D6-F740-4595-BA9E-A63E671925A8}"
EndProject
Project("{FAE04EC0-301F-11D3-BF4B-00C04F79EFBC}") = "冒泡排序扩展", "冒泡排序扩展\冒泡排序扩展.csproj", "{6C052588-A00F-47B4-BEA5-EFCBDFF7ECFD}"
EndProject
Project("{FAE04EC0-301F-11D3-BF4B-00C04F79EFBC}") = "多播委托", "多播委托\多播委托.csproj", "{67FE0598-6E10-40C4-AC53-BAFA628D20F2}"
EndProject
Project("{FAE04EC0-301F-11D3-BF4B-00C04F79EFBC}") = "事件", "事件\事件.csproj", "{57554ACE-FDF6-4924-A7CB-72AC5D14ACCE}"
EndProject
Project("{FAE04EC0-301F-11D3-BF4B-00C04F79EFBC}") = "观察者模式", "观察者模式\观察者模式.csproj", "{57F43C59-3582-4BED-BD5E-80DBFAEFC3E5}"
EndProject
Project("{FAE04EC0-301F-11D3-BF4B-00C04F79EFBC}") = "LINQ", "LINQ\LINQ.csproj", "{049C0DB4-0B44-4922-898F-3B738E9CF81E}"
EndProject
Project("{FAE04EC0-301F-11D3-BF4B-00C04F79EFBC}") = "反射和特性", "反射和特性\反射和特性.csproj", "{8581A9F9-255F-4229-844D-F3356256E7CC}"
EndProject
Project("{FAE04EC0-301F-11D3-BF4B-00C04F79EFBC}") = "特性", "特性\特性.csproj", "{D718C0B4-5DE9-4CFC-A326-1B129F8311CE}"
EndProject
Global
	GlobalSection(SolutionConfigurationPlatforms) = preSolution
		Debug|Any CPU = Debug|Any CPU
		Release|Any CPU = Release|Any CPU
	EndGlobalSection
	GlobalSection(ProjectConfigurationPlatforms) = postSolution
		{AD79D17B-9BC8-48F6-961C-278C5869B01D}.Debug|Any CPU.ActiveCfg = Debug|Any CPU
		{AD79D17B-9BC8-48F6-961C-278C5869B01D}.Debug|Any CPU.Build.0 = Debug|Any CPU
		{AD79D17B-9BC8-48F6-961C-278C5869B01D}.Release|Any CPU.ActiveCfg = Release|Any CPU
		{AD79D17B-9BC8-48F6-961C-278C5869B01D}.Release|Any CPU.Build.0 = Release|Any CPU
		{0AEBFFB5-B943-4B41-8EEA-5D2920B94311}.Debug|Any CPU.ActiveCfg = Debug|Any CPU
		{0AEBFFB5-B943-4B41-8EEA-5D2920B94311}.Debug|Any CPU.Build.0 = Debug|Any CPU
		{0AEBFFB5-B943-4B41-8EEA-5D2920B94311}.Release|Any CPU.ActiveCfg = Release|Any CPU
		{0AEBFFB5-B943-4B41-8EEA-5D2920B94311}.Release|Any CPU.Build.0 = Release|Any CPU
		{85DB56D6-F740-4595-BA9E-A63E671925A8}.Debug|Any CPU.ActiveCfg = Debug|Any CPU
		{85DB56D6-F740-4595-BA9E-A63E671925A8}.Debug|Any CPU.Build.0 = Debug|Any CPU
		{85DB56D6-F740-4595-BA9E-A63E671925A8}.Release|Any CPU.ActiveCfg = Release|Any CPU
		{85DB56D6-F740-4595-BA9E-A63E671925A8}.Release|Any CPU.Build.0 = Release|Any CPU
		{6C052588-A00F-47B4-BEA5-EFCBDFF7ECFD}.Debug|Any CPU.ActiveCfg = Debug|Any CPU
		{6C052588-A00F-47B4-BEA5-EFCBDFF7ECFD}.Debug|Any CPU.Build.0 = Debug|Any CPU
		{6C052588-A00F-47B4-BEA5-EFCBDFF7ECFD}.Release|Any CPU.ActiveCfg = Release|Any CPU
		{6C052588-A00F-47B4-BEA5-EFCBDFF7ECFD}.Release|Any CPU.Build.0 = Release|Any CPU
		{67FE0598-6E10-40C4-AC53-BAFA628D20F2}.Debug|Any CPU.ActiveCfg = Debug|Any CPU
		{67FE0598-6E10-40C4-AC53-BAFA628D20F2}.Debug|Any CPU.Build.0 = Debug|Any CPU
		{67FE0598-6E10-40C4-AC53-BAFA628D20F2}.Release|Any CPU.ActiveCfg = Release|Any CPU
		{67FE0598-6E10-40C4-AC53-BAFA628D20F2}.Release|Any CPU.Build.0 = Release|Any CPU
		{57554ACE-FDF6-4924-A7CB-72AC5D14ACCE}.Debug|Any CPU.ActiveCfg = Debug|Any CPU
		{57554ACE-FDF6-4924-A7CB-72AC5D14ACCE}.Debug|Any CPU.Build.0 = Debug|Any CPU
		{57554ACE-FDF6-4924-A7CB-72AC5D14ACCE}.Release|Any CPU.ActiveCfg = Release|Any CPU
		{57554ACE-FDF6-4924-A7CB-72AC5D14ACCE}.Release|Any CPU.Build.0 = Release|Any CPU
		{57F43C59-3582-4BED-BD5E-80DBFAEFC3E5}.Debug|Any CPU.ActiveCfg = Debug|Any CPU
		{57F43C59-3582-4BED-BD5E-80DBFAEFC3E5}.Debug|Any CPU.Build.0 = Debug|Any CPU
		{57F43C59-3582-4BED-BD5E-80DBFAEFC3E5}.Release|Any CPU.ActiveCfg = Release|Any CPU
		{57F43C59-3582-4BED-BD5E-80DBFAEFC3E5}.Release|Any CPU.Build.0 = Release|Any CPU
		{049C0DB4-0B44-4922-898F-3B738E9CF81E}.Debug|Any CPU.ActiveCfg = Debug|Any CPU
		{049C0DB4-0B44-4922-898F-3B738E9CF81E}.Debug|Any CPU.Build.0 = Debug|Any CPU
		{049C0DB4-0B44-4922-898F-3B738E9CF81E}.Release|Any CPU.ActiveCfg = Release|Any CPU
		{049C0DB4-0B44-4922-898F-3B738E9CF81E}.Release|Any CPU.Build.0 = Release|Any CPU
		{8581A9F9-255F-4229-844D-F3356256E7CC}.Debug|Any CPU.ActiveCfg = Debug|Any CPU
		{8581A9F9-255F-4229-844D-F3356256E7CC}.Debug|Any CPU.Build.0 = Debug|Any CPU
		{8581A9F9-255F-4229-844D-F3356256E7CC}.Release|Any CPU.ActiveCfg = Release|Any CPU
		{8581A9F9-255F-4229-844D-F3356256E7CC}.Release|Any CPU.Build.0 = Release|Any CPU
		{D718C0B4-5DE9-4CFC-A326-1B129F8311CE}.Debug|Any CPU.ActiveCfg = Debug|Any CPU
		{D718C0B4-5DE9-4CFC-A326-1B129F8311CE}.Debug|Any CPU.Build.0 = Debug|Any CPU
		{D718C0B4-5DE9-4CFC-A326-1B129F8311CE}.Release|Any CPU.ActiveCfg = Release|Any CPU
		{D718C0B4-5DE9-4CFC-A326-1B129F8311CE}.Release|Any CPU.Build.0 = Release|Any CPU
	EndGlobalSection
	GlobalSection(SolutionProperties) = preSolution
		HideSolutionNode = FALSE
	EndGlobalSection
	GlobalSection(ExtensibilityGlobals) = postSolution
		SolutionGuid = {6CF9756B-9A79-4BA5-82F2-1671A1A76B05}
	EndGlobalSection
EndGlobal
