
Microsoft Visual Studio Solution File, Format Version 12.00
# Visual Studio 15
VisualStudioVersion = 15.0.28307.705
MinimumVisualStudioVersion = 10.0.40219.1
Project("{FAE04EC0-301F-11D3-BF4B-00C04F79EFBC}") = "链表倒序返回", "链表倒序返回\链表倒序返回.csproj", "{70E74BC2-FC16-4020-82D1-5366E1E39874}"
EndProject
Global
	GlobalSection(SolutionConfigurationPlatforms) = preSolution
		Debug|Any CPU = Debug|Any CPU
		Release|Any CPU = Release|Any CPU
	EndGlobalSection
	GlobalSection(ProjectConfigurationPlatforms) = postSolution
		{70E74BC2-FC16-4020-82D1-5366E1E39874}.Debug|Any CPU.ActiveCfg = Debug|Any CPU
		{70E74BC2-FC16-4020-82D1-5366E1E39874}.Debug|Any CPU.Build.0 = Debug|Any CPU
		{70E74BC2-FC16-4020-82D1-5366E1E39874}.Release|Any CPU.ActiveCfg = Release|Any CPU
		{70E74BC2-FC16-4020-82D1-5366E1E39874}.Release|Any CPU.Build.0 = Release|Any CPU
	EndGlobalSection
	GlobalSection(SolutionProperties) = preSolution
		HideSolutionNode = FALSE
	EndGlobalSection
	GlobalSection(ExtensibilityGlobals) = postSolution
		SolutionGuid = {0FE4C6B5-8C57-4A43-8EA6-FD2CF0577C59}
	EndGlobalSection
EndGlobal
