
Microsoft Visual Studio Solution File, Format Version 12.00
# Visual Studio 15
VisualStudioVersion = 15.0.28307.852
MinimumVisualStudioVersion = 10.0.40219.1
Project("{FAE04EC0-301F-11D3-BF4B-00C04F79EFBC}") = "NO.125_数组查值", "NO.125_数组查值\NO.125_数组查值.csproj", "{3B015992-4D48-4CDF-B2C5-62582C8CDB79}"
EndProject
Global
	GlobalSection(SolutionConfigurationPlatforms) = preSolution
		Debug|Any CPU = Debug|Any CPU
		Release|Any CPU = Release|Any CPU
	EndGlobalSection
	GlobalSection(ProjectConfigurationPlatforms) = postSolution
		{3B015992-4D48-4CDF-B2C5-62582C8CDB79}.Debug|Any CPU.ActiveCfg = Debug|Any CPU
		{3B015992-4D48-4CDF-B2C5-62582C8CDB79}.Debug|Any CPU.Build.0 = Debug|Any CPU
		{3B015992-4D48-4CDF-B2C5-62582C8CDB79}.Release|Any CPU.ActiveCfg = Release|Any CPU
		{3B015992-4D48-4CDF-B2C5-62582C8CDB79}.Release|Any CPU.Build.0 = Release|Any CPU
	EndGlobalSection
	GlobalSection(SolutionProperties) = preSolution
		HideSolutionNode = FALSE
	EndGlobalSection
	GlobalSection(ExtensibilityGlobals) = postSolution
		SolutionGuid = {A9D599DD-A178-43FF-8A0D-170ED5C07A3E}
	EndGlobalSection
EndGlobal
