
Microsoft Visual Studio Solution File, Format Version 12.00
# Visual Studio 15
VisualStudioVersion = 15.0.28307.705
MinimumVisualStudioVersion = 10.0.40219.1
Project("{FAE04EC0-301F-11D3-BF4B-00C04F79EFBC}") = "和为S的两个数字", "和为S的两个数字\和为S的两个数字.csproj", "{2DC9807B-062C-40F7-A738-322F5109192F}"
EndProject
Global
	GlobalSection(SolutionConfigurationPlatforms) = preSolution
		Debug|Any CPU = Debug|Any CPU
		Release|Any CPU = Release|Any CPU
	EndGlobalSection
	GlobalSection(ProjectConfigurationPlatforms) = postSolution
		{2DC9807B-062C-40F7-A738-322F5109192F}.Debug|Any CPU.ActiveCfg = Debug|Any CPU
		{2DC9807B-062C-40F7-A738-322F5109192F}.Debug|Any CPU.Build.0 = Debug|Any CPU
		{2DC9807B-062C-40F7-A738-322F5109192F}.Release|Any CPU.ActiveCfg = Release|Any CPU
		{2DC9807B-062C-40F7-A738-322F5109192F}.Release|Any CPU.Build.0 = Release|Any CPU
	EndGlobalSection
	GlobalSection(SolutionProperties) = preSolution
		HideSolutionNode = FALSE
	EndGlobalSection
	GlobalSection(ExtensibilityGlobals) = postSolution
		SolutionGuid = {39592B03-FB12-4028-BC51-7FAEAFD3E837}
	EndGlobalSection
EndGlobal
