
Microsoft Visual Studio Solution File, Format Version 12.00
# Visual Studio 15
VisualStudioVersion = 15.0.28307.705
MinimumVisualStudioVersion = 10.0.40219.1
Project("{FAE04EC0-301F-11D3-BF4B-00C04F79EFBC}") = "判断树的子结构", "判断树的子结构\判断树的子结构.csproj", "{C7CF60C8-30BD-49E1-88D9-F44E6795E7DC}"
EndProject
Global
	GlobalSection(SolutionConfigurationPlatforms) = preSolution
		Debug|Any CPU = Debug|Any CPU
		Release|Any CPU = Release|Any CPU
	EndGlobalSection
	GlobalSection(ProjectConfigurationPlatforms) = postSolution
		{C7CF60C8-30BD-49E1-88D9-F44E6795E7DC}.Debug|Any CPU.ActiveCfg = Debug|Any CPU
		{C7CF60C8-30BD-49E1-88D9-F44E6795E7DC}.Debug|Any CPU.Build.0 = Debug|Any CPU
		{C7CF60C8-30BD-49E1-88D9-F44E6795E7DC}.Release|Any CPU.ActiveCfg = Release|Any CPU
		{C7CF60C8-30BD-49E1-88D9-F44E6795E7DC}.Release|Any CPU.Build.0 = Release|Any CPU
	EndGlobalSection
	GlobalSection(SolutionProperties) = preSolution
		HideSolutionNode = FALSE
	EndGlobalSection
	GlobalSection(ExtensibilityGlobals) = postSolution
		SolutionGuid = {D61D9F0D-67FA-464C-93EC-255B59A7A160}
	EndGlobalSection
EndGlobal
