
Microsoft Visual Studio Solution File, Format Version 12.00
# Visual Studio 15
VisualStudioVersion = 15.0.28307.705
MinimumVisualStudioVersion = 10.0.40219.1
Project("{FAE04EC0-301F-11D3-BF4B-00C04F79EFBC}") = "NO.003_安置路灯", "NO.003_安置路灯\NO.003_安置路灯.csproj", "{9E3E22AB-FC3C-4D6A-A912-5F142E698F2C}"
EndProject
Global
	GlobalSection(SolutionConfigurationPlatforms) = preSolution
		Debug|Any CPU = Debug|Any CPU
		Release|Any CPU = Release|Any CPU
	EndGlobalSection
	GlobalSection(ProjectConfigurationPlatforms) = postSolution
		{9E3E22AB-FC3C-4D6A-A912-5F142E698F2C}.Debug|Any CPU.ActiveCfg = Debug|Any CPU
		{9E3E22AB-FC3C-4D6A-A912-5F142E698F2C}.Debug|Any CPU.Build.0 = Debug|Any CPU
		{9E3E22AB-FC3C-4D6A-A912-5F142E698F2C}.Release|Any CPU.ActiveCfg = Release|Any CPU
		{9E3E22AB-FC3C-4D6A-A912-5F142E698F2C}.Release|Any CPU.Build.0 = Release|Any CPU
	EndGlobalSection
	GlobalSection(SolutionProperties) = preSolution
		HideSolutionNode = FALSE
	EndGlobalSection
	GlobalSection(ExtensibilityGlobals) = postSolution
		SolutionGuid = {6BBF3347-010C-4105-9855-3B2A08F1A057}
	EndGlobalSection
EndGlobal
