
Microsoft Visual Studio Solution File, Format Version 12.00
# Visual Studio 15
VisualStudioVersion = 15.0.28307.852
MinimumVisualStudioVersion = 10.0.40219.1
Project("{FAE04EC0-301F-11D3-BF4B-00C04F79EFBC}") = "NO.127_原串翻转", "NO.127_原串翻转\NO.127_原串翻转.csproj", "{848B63FC-3D10-4911-BB9D-2BE3A7CDFBBF}"
EndProject
Global
	GlobalSection(SolutionConfigurationPlatforms) = preSolution
		Debug|Any CPU = Debug|Any CPU
		Release|Any CPU = Release|Any CPU
	EndGlobalSection
	GlobalSection(ProjectConfigurationPlatforms) = postSolution
		{848B63FC-3D10-4911-BB9D-2BE3A7CDFBBF}.Debug|Any CPU.ActiveCfg = Debug|Any CPU
		{848B63FC-3D10-4911-BB9D-2BE3A7CDFBBF}.Debug|Any CPU.Build.0 = Debug|Any CPU
		{848B63FC-3D10-4911-BB9D-2BE3A7CDFBBF}.Release|Any CPU.ActiveCfg = Release|Any CPU
		{848B63FC-3D10-4911-BB9D-2BE3A7CDFBBF}.Release|Any CPU.Build.0 = Release|Any CPU
	EndGlobalSection
	GlobalSection(SolutionProperties) = preSolution
		HideSolutionNode = FALSE
	EndGlobalSection
	GlobalSection(ExtensibilityGlobals) = postSolution
		SolutionGuid = {0A704B8D-1C1C-42B9-A140-CEABC9EEBB80}
	EndGlobalSection
EndGlobal
