
Microsoft Visual Studio Solution File, Format Version 12.00
# Visual Studio 15
VisualStudioVersion = 15.0.28307.779
MinimumVisualStudioVersion = 10.0.40219.1
Project("{FAE04EC0-301F-11D3-BF4B-00C04F79EFBC}") = "NO.076_集合合并", "NO.076_集合合并\NO.076_集合合并.csproj", "{A01CCF90-D8F0-4E25-AEF8-C62B4FAFD460}"
EndProject
Global
	GlobalSection(SolutionConfigurationPlatforms) = preSolution
		Debug|Any CPU = Debug|Any CPU
		Release|Any CPU = Release|Any CPU
	EndGlobalSection
	GlobalSection(ProjectConfigurationPlatforms) = postSolution
		{A01CCF90-D8F0-4E25-AEF8-C62B4FAFD460}.Debug|Any CPU.ActiveCfg = Debug|Any CPU
		{A01CCF90-D8F0-4E25-AEF8-C62B4FAFD460}.Debug|Any CPU.Build.0 = Debug|Any CPU
		{A01CCF90-D8F0-4E25-AEF8-C62B4FAFD460}.Release|Any CPU.ActiveCfg = Release|Any CPU
		{A01CCF90-D8F0-4E25-AEF8-C62B4FAFD460}.Release|Any CPU.Build.0 = Release|Any CPU
	EndGlobalSection
	GlobalSection(SolutionProperties) = preSolution
		HideSolutionNode = FALSE
	EndGlobalSection
	GlobalSection(ExtensibilityGlobals) = postSolution
		SolutionGuid = {C419BC9D-5937-4E89-A7AD-0D486E04DBD9}
	EndGlobalSection
EndGlobal
