
Microsoft Visual Studio Solution File, Format Version 12.00
# Visual Studio 15
VisualStudioVersion = 15.0.28307.779
MinimumVisualStudioVersion = 10.0.40219.1
Project("{FAE04EC0-301F-11D3-BF4B-00C04F79EFBC}") = "NO.039_糖果分配", "NO.039_糖果分配\NO.039_糖果分配.csproj", "{EE22154D-BDFB-4E70-870A-83BA1479D14D}"
EndProject
Global
	GlobalSection(SolutionConfigurationPlatforms) = preSolution
		Debug|Any CPU = Debug|Any CPU
		Release|Any CPU = Release|Any CPU
	EndGlobalSection
	GlobalSection(ProjectConfigurationPlatforms) = postSolution
		{EE22154D-BDFB-4E70-870A-83BA1479D14D}.Debug|Any CPU.ActiveCfg = Debug|Any CPU
		{EE22154D-BDFB-4E70-870A-83BA1479D14D}.Debug|Any CPU.Build.0 = Debug|Any CPU
		{EE22154D-BDFB-4E70-870A-83BA1479D14D}.Release|Any CPU.ActiveCfg = Release|Any CPU
		{EE22154D-BDFB-4E70-870A-83BA1479D14D}.Release|Any CPU.Build.0 = Release|Any CPU
	EndGlobalSection
	GlobalSection(SolutionProperties) = preSolution
		HideSolutionNode = FALSE
	EndGlobalSection
	GlobalSection(ExtensibilityGlobals) = postSolution
		SolutionGuid = {8E4CE110-86E6-4C64-8314-6A66B8B4B0C8}
	EndGlobalSection
EndGlobal
