
Microsoft Visual Studio Solution File, Format Version 12.00
# Visual Studio 15
VisualStudioVersion = 15.0.28307.779
MinimumVisualStudioVersion = 10.0.40219.1
Project("{FAE04EC0-301F-11D3-BF4B-00C04F79EFBC}") = "NO.044_排队唱歌", "NO.044_排队唱歌\NO.044_排队唱歌.csproj", "{3D9461E3-ADF2-46D0-AB71-4D61DF49AC87}"
EndProject
Global
	GlobalSection(SolutionConfigurationPlatforms) = preSolution
		Debug|Any CPU = Debug|Any CPU
		Release|Any CPU = Release|Any CPU
	EndGlobalSection
	GlobalSection(ProjectConfigurationPlatforms) = postSolution
		{3D9461E3-ADF2-46D0-AB71-4D61DF49AC87}.Debug|Any CPU.ActiveCfg = Debug|Any CPU
		{3D9461E3-ADF2-46D0-AB71-4D61DF49AC87}.Debug|Any CPU.Build.0 = Debug|Any CPU
		{3D9461E3-ADF2-46D0-AB71-4D61DF49AC87}.Release|Any CPU.ActiveCfg = Release|Any CPU
		{3D9461E3-ADF2-46D0-AB71-4D61DF49AC87}.Release|Any CPU.Build.0 = Release|Any CPU
	EndGlobalSection
	GlobalSection(SolutionProperties) = preSolution
		HideSolutionNode = FALSE
	EndGlobalSection
	GlobalSection(ExtensibilityGlobals) = postSolution
		SolutionGuid = {55A9BF32-A798-4F99-8BF3-1A8F906F8D49}
	EndGlobalSection
EndGlobal
