
Microsoft Visual Studio Solution File, Format Version 12.00
# Visual Studio 15
VisualStudioVersion = 15.0.28307.779
MinimumVisualStudioVersion = 10.0.40219.1
Project("{FAE04EC0-301F-11D3-BF4B-00C04F79EFBC}") = "NO.024_合并数组", "NO.024_合并数组\NO.024_合并数组.csproj", "{AC856BFF-57E0-46FB-97C9-E9CEAD877925}"
EndProject
Global
	GlobalSection(SolutionConfigurationPlatforms) = preSolution
		Debug|Any CPU = Debug|Any CPU
		Release|Any CPU = Release|Any CPU
	EndGlobalSection
	GlobalSection(ProjectConfigurationPlatforms) = postSolution
		{AC856BFF-57E0-46FB-97C9-E9CEAD877925}.Debug|Any CPU.ActiveCfg = Debug|Any CPU
		{AC856BFF-57E0-46FB-97C9-E9CEAD877925}.Debug|Any CPU.Build.0 = Debug|Any CPU
		{AC856BFF-57E0-46FB-97C9-E9CEAD877925}.Release|Any CPU.ActiveCfg = Release|Any CPU
		{AC856BFF-57E0-46FB-97C9-E9CEAD877925}.Release|Any CPU.Build.0 = Release|Any CPU
	EndGlobalSection
	GlobalSection(SolutionProperties) = preSolution
		HideSolutionNode = FALSE
	EndGlobalSection
	GlobalSection(ExtensibilityGlobals) = postSolution
		SolutionGuid = {179F96A9-653C-4B02-A454-C1ADB40983E1}
	EndGlobalSection
EndGlobal
