
Microsoft Visual Studio Solution File, Format Version 12.00
# Visual Studio 15
VisualStudioVersion = 15.0.28307.779
MinimumVisualStudioVersion = 10.0.40219.1
Project("{FAE04EC0-301F-11D3-BF4B-00C04F79EFBC}") = "NO.055_大巴车(数组分块,按块翻转,块内不变)", "NO.055_大巴车(数组分块,按块翻转,块内不变)\NO.055_大巴车(数组分块,按块翻转,块内不变).csproj", "{48293522-67C6-4424-BC16-6F4AF5C35BE0}"
EndProject
Global
	GlobalSection(SolutionConfigurationPlatforms) = preSolution
		Debug|Any CPU = Debug|Any CPU
		Release|Any CPU = Release|Any CPU
	EndGlobalSection
	GlobalSection(ProjectConfigurationPlatforms) = postSolution
		{48293522-67C6-4424-BC16-6F4AF5C35BE0}.Debug|Any CPU.ActiveCfg = Debug|Any CPU
		{48293522-67C6-4424-BC16-6F4AF5C35BE0}.Debug|Any CPU.Build.0 = Debug|Any CPU
		{48293522-67C6-4424-BC16-6F4AF5C35BE0}.Release|Any CPU.ActiveCfg = Release|Any CPU
		{48293522-67C6-4424-BC16-6F4AF5C35BE0}.Release|Any CPU.Build.0 = Release|Any CPU
	EndGlobalSection
	GlobalSection(SolutionProperties) = preSolution
		HideSolutionNode = FALSE
	EndGlobalSection
	GlobalSection(ExtensibilityGlobals) = postSolution
		SolutionGuid = {1DD199D3-5CDD-4BD0-B789-1486AAD8F217}
	EndGlobalSection
EndGlobal
