
Microsoft Visual Studio Solution File, Format Version 12.00
# Visual Studio 15
VisualStudioVersion = 15.0.28307.705
MinimumVisualStudioVersion = 10.0.40219.1
Project("{FAE04EC0-301F-11D3-BF4B-00C04F79EFBC}") = "NO.49_把字符串转换成整数", "NO.49_把字符串转换成整数\NO.49_把字符串转换成整数.csproj", "{A79DD5AD-F473-4C00-B1B6-AFA9C9F9450D}"
EndProject
Global
	GlobalSection(SolutionConfigurationPlatforms) = preSolution
		Debug|Any CPU = Debug|Any CPU
		Release|Any CPU = Release|Any CPU
	EndGlobalSection
	GlobalSection(ProjectConfigurationPlatforms) = postSolution
		{A79DD5AD-F473-4C00-B1B6-AFA9C9F9450D}.Debug|Any CPU.ActiveCfg = Debug|Any CPU
		{A79DD5AD-F473-4C00-B1B6-AFA9C9F9450D}.Debug|Any CPU.Build.0 = Debug|Any CPU
		{A79DD5AD-F473-4C00-B1B6-AFA9C9F9450D}.Release|Any CPU.ActiveCfg = Release|Any CPU
		{A79DD5AD-F473-4C00-B1B6-AFA9C9F9450D}.Release|Any CPU.Build.0 = Release|Any CPU
	EndGlobalSection
	GlobalSection(SolutionProperties) = preSolution
		HideSolutionNode = FALSE
	EndGlobalSection
	GlobalSection(ExtensibilityGlobals) = postSolution
		SolutionGuid = {4D4D5F02-1A15-49AD-A8D5-D8F0C65499C3}
	EndGlobalSection
EndGlobal
