
Microsoft Visual Studio Solution File, Format Version 12.00
# Visual Studio 15
VisualStudioVersion = 15.0.28307.779
MinimumVisualStudioVersion = 10.0.40219.1
Project("{FAE04EC0-301F-11D3-BF4B-00C04F79EFBC}") = "NO.066_序列模式匹配", "NO.066_序列模式匹配\NO.066_序列模式匹配.csproj", "{30A7042E-D083-4D47-BB16-47CA7C106CFC}"
EndProject
Global
	GlobalSection(SolutionConfigurationPlatforms) = preSolution
		Debug|Any CPU = Debug|Any CPU
		Release|Any CPU = Release|Any CPU
	EndGlobalSection
	GlobalSection(ProjectConfigurationPlatforms) = postSolution
		{30A7042E-D083-4D47-BB16-47CA7C106CFC}.Debug|Any CPU.ActiveCfg = Debug|Any CPU
		{30A7042E-D083-4D47-BB16-47CA7C106CFC}.Debug|Any CPU.Build.0 = Debug|Any CPU
		{30A7042E-D083-4D47-BB16-47CA7C106CFC}.Release|Any CPU.ActiveCfg = Release|Any CPU
		{30A7042E-D083-4D47-BB16-47CA7C106CFC}.Release|Any CPU.Build.0 = Release|Any CPU
	EndGlobalSection
	GlobalSection(SolutionProperties) = preSolution
		HideSolutionNode = FALSE
	EndGlobalSection
	GlobalSection(ExtensibilityGlobals) = postSolution
		SolutionGuid = {85890223-C132-4414-8338-6A0D5402AB78}
	EndGlobalSection
EndGlobal
