
Microsoft Visual Studio Solution File, Format Version 12.00
# Visual Studio 15
VisualStudioVersion = 15.0.28307.705
MinimumVisualStudioVersion = 10.0.40219.1
Project("{FAE04EC0-301F-11D3-BF4B-00C04F79EFBC}") = "NO.36_两个链表的第一个公共节点", "NO.36_两个链表的第一个公共节点\NO.36_两个链表的第一个公共节点.csproj", "{6DDBC7DB-D773-4206-8F6B-4DB99C2BD703}"
EndProject
Global
	GlobalSection(SolutionConfigurationPlatforms) = preSolution
		Debug|Any CPU = Debug|Any CPU
		Release|Any CPU = Release|Any CPU
	EndGlobalSection
	GlobalSection(ProjectConfigurationPlatforms) = postSolution
		{6DDBC7DB-D773-4206-8F6B-4DB99C2BD703}.Debug|Any CPU.ActiveCfg = Debug|Any CPU
		{6DDBC7DB-D773-4206-8F6B-4DB99C2BD703}.Debug|Any CPU.Build.0 = Debug|Any CPU
		{6DDBC7DB-D773-4206-8F6B-4DB99C2BD703}.Release|Any CPU.ActiveCfg = Release|Any CPU
		{6DDBC7DB-D773-4206-8F6B-4DB99C2BD703}.Release|Any CPU.Build.0 = Release|Any CPU
	EndGlobalSection
	GlobalSection(SolutionProperties) = preSolution
		HideSolutionNode = FALSE
	EndGlobalSection
	GlobalSection(ExtensibilityGlobals) = postSolution
		SolutionGuid = {F198143D-7241-4C53-93B0-B543D66BE003}
	EndGlobalSection
EndGlobal
