
Microsoft Visual Studio Solution File, Format Version 12.00
# Visual Studio 15
VisualStudioVersion = 15.0.28307.705
MinimumVisualStudioVersion = 10.0.40219.1
Project("{FAE04EC0-301F-11D3-BF4B-00C04F79EFBC}") = "最小的K个数", "最小的K个数\最小的K个数.csproj", "{B48508BF-4620-4D2A-9A71-06573D0FF334}"
EndProject
Global
	GlobalSection(SolutionConfigurationPlatforms) = preSolution
		Debug|Any CPU = Debug|Any CPU
		Release|Any CPU = Release|Any CPU
	EndGlobalSection
	GlobalSection(ProjectConfigurationPlatforms) = postSolution
		{B48508BF-4620-4D2A-9A71-06573D0FF334}.Debug|Any CPU.ActiveCfg = Debug|Any CPU
		{B48508BF-4620-4D2A-9A71-06573D0FF334}.Debug|Any CPU.Build.0 = Debug|Any CPU
		{B48508BF-4620-4D2A-9A71-06573D0FF334}.Release|Any CPU.ActiveCfg = Release|Any CPU
		{B48508BF-4620-4D2A-9A71-06573D0FF334}.Release|Any CPU.Build.0 = Release|Any CPU
	EndGlobalSection
	GlobalSection(SolutionProperties) = preSolution
		HideSolutionNode = FALSE
	EndGlobalSection
	GlobalSection(ExtensibilityGlobals) = postSolution
		SolutionGuid = {B8078775-4063-48C0-BBA8-BA42D076E4A4}
	EndGlobalSection
EndGlobal
