
Microsoft Visual Studio Solution File, Format Version 12.00
# Visual Studio 15
VisualStudioVersion = 15.0.28307.852
MinimumVisualStudioVersion = 10.0.40219.1
Project("{FAE04EC0-301F-11D3-BF4B-00C04F79EFBC}") = "NO.144_平分的直线", "NO.144_平分的直线\NO.144_平分的直线.csproj", "{D69CFA19-26F3-4E19-95C8-5729D6E07C8A}"
EndProject
Global
	GlobalSection(SolutionConfigurationPlatforms) = preSolution
		Debug|Any CPU = Debug|Any CPU
		Release|Any CPU = Release|Any CPU
	EndGlobalSection
	GlobalSection(ProjectConfigurationPlatforms) = postSolution
		{D69CFA19-26F3-4E19-95C8-5729D6E07C8A}.Debug|Any CPU.ActiveCfg = Debug|Any CPU
		{D69CFA19-26F3-4E19-95C8-5729D6E07C8A}.Debug|Any CPU.Build.0 = Debug|Any CPU
		{D69CFA19-26F3-4E19-95C8-5729D6E07C8A}.Release|Any CPU.ActiveCfg = Release|Any CPU
		{D69CFA19-26F3-4E19-95C8-5729D6E07C8A}.Release|Any CPU.Build.0 = Release|Any CPU
	EndGlobalSection
	GlobalSection(SolutionProperties) = preSolution
		HideSolutionNode = FALSE
	EndGlobalSection
	GlobalSection(ExtensibilityGlobals) = postSolution
		SolutionGuid = {97E56DAD-D364-4EC3-8081-2451E17614E1}
	EndGlobalSection
EndGlobal
