
Microsoft Visual Studio Solution File, Format Version 12.00
# Visual Studio 15
VisualStudioVersion = 15.0.28307.779
MinimumVisualStudioVersion = 10.0.40219.1
Project("{FAE04EC0-301F-11D3-BF4B-00C04F79EFBC}") = "NO.101_删除重复字符", "NO.101_删除重复字符\NO.101_删除重复字符.csproj", "{278B1C5B-8C1E-4757-A695-E5B5C144BBAE}"
EndProject
Global
	GlobalSection(SolutionConfigurationPlatforms) = preSolution
		Debug|Any CPU = Debug|Any CPU
		Release|Any CPU = Release|Any CPU
	EndGlobalSection
	GlobalSection(ProjectConfigurationPlatforms) = postSolution
		{278B1C5B-8C1E-4757-A695-E5B5C144BBAE}.Debug|Any CPU.ActiveCfg = Debug|Any CPU
		{278B1C5B-8C1E-4757-A695-E5B5C144BBAE}.Debug|Any CPU.Build.0 = Debug|Any CPU
		{278B1C5B-8C1E-4757-A695-E5B5C144BBAE}.Release|Any CPU.ActiveCfg = Release|Any CPU
		{278B1C5B-8C1E-4757-A695-E5B5C144BBAE}.Release|Any CPU.Build.0 = Release|Any CPU
	EndGlobalSection
	GlobalSection(SolutionProperties) = preSolution
		HideSolutionNode = FALSE
	EndGlobalSection
	GlobalSection(ExtensibilityGlobals) = postSolution
		SolutionGuid = {01225C62-05E7-4DB7-A261-CC8DE566530E}
	EndGlobalSection
EndGlobal
