
Microsoft Visual Studio Solution File, Format Version 12.00
# Visual Studio 15
VisualStudioVersion = 15.0.28307.779
MinimumVisualStudioVersion = 10.0.40219.1
Project("{FAE04EC0-301F-11D3-BF4B-00C04F79EFBC}") = "NO.053_查找数组众数", "NO.053_查找数组众数\NO.053_查找数组众数.csproj", "{A16921B7-5A42-4C78-90DC-9AA6D088F6EE}"
EndProject
Global
	GlobalSection(SolutionConfigurationPlatforms) = preSolution
		Debug|Any CPU = Debug|Any CPU
		Release|Any CPU = Release|Any CPU
	EndGlobalSection
	GlobalSection(ProjectConfigurationPlatforms) = postSolution
		{A16921B7-5A42-4C78-90DC-9AA6D088F6EE}.Debug|Any CPU.ActiveCfg = Debug|Any CPU
		{A16921B7-5A42-4C78-90DC-9AA6D088F6EE}.Debug|Any CPU.Build.0 = Debug|Any CPU
		{A16921B7-5A42-4C78-90DC-9AA6D088F6EE}.Release|Any CPU.ActiveCfg = Release|Any CPU
		{A16921B7-5A42-4C78-90DC-9AA6D088F6EE}.Release|Any CPU.Build.0 = Release|Any CPU
	EndGlobalSection
	GlobalSection(SolutionProperties) = preSolution
		HideSolutionNode = FALSE
	EndGlobalSection
	GlobalSection(ExtensibilityGlobals) = postSolution
		SolutionGuid = {F7525C20-2572-4554-805A-593D638A90AE}
	EndGlobalSection
EndGlobal
