
Microsoft Visual Studio Solution File, Format Version 12.00
# Visual Studio 15
VisualStudioVersion = 15.0.28307.852
MinimumVisualStudioVersion = 10.0.40219.1
Project("{FAE04EC0-301F-11D3-BF4B-00C04F79EFBC}") = "ConsoleApp1", "ConsoleApp1\ConsoleApp1.csproj", "{5B1C6D1C-424C-40C6-97F9-41D991A3ED9A}"
EndProject
Global
	GlobalSection(SolutionConfigurationPlatforms) = preSolution
		Debug|Any CPU = Debug|Any CPU
		Release|Any CPU = Release|Any CPU
	EndGlobalSection
	GlobalSection(ProjectConfigurationPlatforms) = postSolution
		{5B1C6D1C-424C-40C6-97F9-41D991A3ED9A}.Debug|Any CPU.ActiveCfg = Debug|Any CPU
		{5B1C6D1C-424C-40C6-97F9-41D991A3ED9A}.Debug|Any CPU.Build.0 = Debug|Any CPU
		{5B1C6D1C-424C-40C6-97F9-41D991A3ED9A}.Release|Any CPU.ActiveCfg = Release|Any CPU
		{5B1C6D1C-424C-40C6-97F9-41D991A3ED9A}.Release|Any CPU.Build.0 = Release|Any CPU
	EndGlobalSection
	GlobalSection(SolutionProperties) = preSolution
		HideSolutionNode = FALSE
	EndGlobalSection
	GlobalSection(ExtensibilityGlobals) = postSolution
		SolutionGuid = {435FBFE3-AF45-4429-84B7-F19BABAF9E5F}
	EndGlobalSection
EndGlobal
