
Microsoft Visual Studio Solution File, Format Version 12.00
# Visual Studio 15
VisualStudioVersion = 15.0.28307.852
MinimumVisualStudioVersion = 10.0.40219.1
Project("{FAE04EC0-301F-11D3-BF4B-00C04F79EFBC}") = "NO.131_双栈排序", "NO.131_双栈排序\NO.131_双栈排序.csproj", "{1A6737EF-3181-453C-9C4B-3466FD71E2E6}"
EndProject
Global
	GlobalSection(SolutionConfigurationPlatforms) = preSolution
		Debug|Any CPU = Debug|Any CPU
		Release|Any CPU = Release|Any CPU
	EndGlobalSection
	GlobalSection(ProjectConfigurationPlatforms) = postSolution
		{1A6737EF-3181-453C-9C4B-3466FD71E2E6}.Debug|Any CPU.ActiveCfg = Debug|Any CPU
		{1A6737EF-3181-453C-9C4B-3466FD71E2E6}.Debug|Any CPU.Build.0 = Debug|Any CPU
		{1A6737EF-3181-453C-9C4B-3466FD71E2E6}.Release|Any CPU.ActiveCfg = Release|Any CPU
		{1A6737EF-3181-453C-9C4B-3466FD71E2E6}.Release|Any CPU.Build.0 = Release|Any CPU
	EndGlobalSection
	GlobalSection(SolutionProperties) = preSolution
		HideSolutionNode = FALSE
	EndGlobalSection
	GlobalSection(ExtensibilityGlobals) = postSolution
		SolutionGuid = {FCC1D660-1997-4833-89EE-B8ABD2E030AA}
	EndGlobalSection
EndGlobal
