
Microsoft Visual Studio Solution File, Format Version 12.00
# Visual Studio 15
VisualStudioVersion = 15.0.28307.705
MinimumVisualStudioVersion = 10.0.40219.1
Project("{FAE04EC0-301F-11D3-BF4B-00C04F79EFBC}") = "表示数值的字符串", "表示数值的字符串\表示数值的字符串.csproj", "{FDF1C4B4-B1FD-4ED3-A221-915A14E533BA}"
EndProject
Global
	GlobalSection(SolutionConfigurationPlatforms) = preSolution
		Debug|Any CPU = Debug|Any CPU
		Release|Any CPU = Release|Any CPU
	EndGlobalSection
	GlobalSection(ProjectConfigurationPlatforms) = postSolution
		{FDF1C4B4-B1FD-4ED3-A221-915A14E533BA}.Debug|Any CPU.ActiveCfg = Debug|Any CPU
		{FDF1C4B4-B1FD-4ED3-A221-915A14E533BA}.Debug|Any CPU.Build.0 = Debug|Any CPU
		{FDF1C4B4-B1FD-4ED3-A221-915A14E533BA}.Release|Any CPU.ActiveCfg = Release|Any CPU
		{FDF1C4B4-B1FD-4ED3-A221-915A14E533BA}.Release|Any CPU.Build.0 = Release|Any CPU
	EndGlobalSection
	GlobalSection(SolutionProperties) = preSolution
		HideSolutionNode = FALSE
	EndGlobalSection
	GlobalSection(ExtensibilityGlobals) = postSolution
		SolutionGuid = {EE35FB7C-A6D9-4884-BA07-5082837E0913}
	EndGlobalSection
EndGlobal
