
Microsoft Visual Studio Solution File, Format Version 12.00
# Visual Studio 15
VisualStudioVersion = 15.0.28307.852
MinimumVisualStudioVersion = 10.0.40219.1
Project("{FAE04EC0-301F-11D3-BF4B-00C04F79EFBC}") = "NO.108_种树", "NO.108_种树\NO.108_种树.csproj", "{C1CF3C5A-72BB-4687-9863-017CFBE7D062}"
EndProject
Global
	GlobalSection(SolutionConfigurationPlatforms) = preSolution
		Debug|Any CPU = Debug|Any CPU
		Release|Any CPU = Release|Any CPU
	EndGlobalSection
	GlobalSection(ProjectConfigurationPlatforms) = postSolution
		{C1CF3C5A-72BB-4687-9863-017CFBE7D062}.Debug|Any CPU.ActiveCfg = Debug|Any CPU
		{C1CF3C5A-72BB-4687-9863-017CFBE7D062}.Debug|Any CPU.Build.0 = Debug|Any CPU
		{C1CF3C5A-72BB-4687-9863-017CFBE7D062}.Release|Any CPU.ActiveCfg = Release|Any CPU
		{C1CF3C5A-72BB-4687-9863-017CFBE7D062}.Release|Any CPU.Build.0 = Release|Any CPU
	EndGlobalSection
	GlobalSection(SolutionProperties) = preSolution
		HideSolutionNode = FALSE
	EndGlobalSection
	GlobalSection(ExtensibilityGlobals) = postSolution
		SolutionGuid = {E3905D2A-9182-40CC-8A98-DE63FC76F521}
	EndGlobalSection
EndGlobal
