
Microsoft Visual Studio Solution File, Format Version 12.00
# Visual Studio 15
VisualStudioVersion = 15.0.28307.852
MinimumVisualStudioVersion = 10.0.40219.1
Project("{FAE04EC0-301F-11D3-BF4B-00C04F79EFBC}") = "NO.114_HTML语法检测器", "NO.114_HTML语法检测器\NO.114_HTML语法检测器.csproj", "{87416A0E-AB40-47B6-9363-F368A47D366F}"
EndProject
Global
	GlobalSection(SolutionConfigurationPlatforms) = preSolution
		Debug|Any CPU = Debug|Any CPU
		Release|Any CPU = Release|Any CPU
	EndGlobalSection
	GlobalSection(ProjectConfigurationPlatforms) = postSolution
		{87416A0E-AB40-47B6-9363-F368A47D366F}.Debug|Any CPU.ActiveCfg = Debug|Any CPU
		{87416A0E-AB40-47B6-9363-F368A47D366F}.Debug|Any CPU.Build.0 = Debug|Any CPU
		{87416A0E-AB40-47B6-9363-F368A47D366F}.Release|Any CPU.ActiveCfg = Release|Any CPU
		{87416A0E-AB40-47B6-9363-F368A47D366F}.Release|Any CPU.Build.0 = Release|Any CPU
	EndGlobalSection
	GlobalSection(SolutionProperties) = preSolution
		HideSolutionNode = FALSE
	EndGlobalSection
	GlobalSection(ExtensibilityGlobals) = postSolution
		SolutionGuid = {AACFC0EF-4FF5-4702-8976-3CB825ADACFE}
	EndGlobalSection
EndGlobal
