
Microsoft Visual Studio Solution File, Format Version 12.00
# Visual Studio 15
VisualStudioVersion = 15.0.28307.852
MinimumVisualStudioVersion = 10.0.40219.1
Project("{FAE04EC0-301F-11D3-BF4B-00C04F79EFBC}") = "脸滚键盘", "脸滚键盘\脸滚键盘.csproj", "{B88878CC-6E88-4CD2-A398-1030F6A060A4}"
EndProject
Global
	GlobalSection(SolutionConfigurationPlatforms) = preSolution
		Debug|Any CPU = Debug|Any CPU
		Release|Any CPU = Release|Any CPU
	EndGlobalSection
	GlobalSection(ProjectConfigurationPlatforms) = postSolution
		{B88878CC-6E88-4CD2-A398-1030F6A060A4}.Debug|Any CPU.ActiveCfg = Debug|Any CPU
		{B88878CC-6E88-4CD2-A398-1030F6A060A4}.Debug|Any CPU.Build.0 = Debug|Any CPU
		{B88878CC-6E88-4CD2-A398-1030F6A060A4}.Release|Any CPU.ActiveCfg = Release|Any CPU
		{B88878CC-6E88-4CD2-A398-1030F6A060A4}.Release|Any CPU.Build.0 = Release|Any CPU
	EndGlobalSection
	GlobalSection(SolutionProperties) = preSolution
		HideSolutionNode = FALSE
	EndGlobalSection
	GlobalSection(ExtensibilityGlobals) = postSolution
		SolutionGuid = {251B368B-274A-4B75-9229-59270010E871}
	EndGlobalSection
EndGlobal
