
Microsoft Visual Studio Solution File, Format Version 12.00
# Visual Studio 15
VisualStudioVersion = 15.0.28307.705
MinimumVisualStudioVersion = 10.0.40219.1
Project("{FAE04EC0-301F-11D3-BF4B-00C04F79EFBC}") = "NO.52_正则表达式匹配", "NO.52_正则表达式匹配\NO.52_正则表达式匹配.csproj", "{28894FDA-FC0E-4897-9BB9-257C9EC49419}"
EndProject
Global
	GlobalSection(SolutionConfigurationPlatforms) = preSolution
		Debug|Any CPU = Debug|Any CPU
		Release|Any CPU = Release|Any CPU
	EndGlobalSection
	GlobalSection(ProjectConfigurationPlatforms) = postSolution
		{28894FDA-FC0E-4897-9BB9-257C9EC49419}.Debug|Any CPU.ActiveCfg = Debug|Any CPU
		{28894FDA-FC0E-4897-9BB9-257C9EC49419}.Debug|Any CPU.Build.0 = Debug|Any CPU
		{28894FDA-FC0E-4897-9BB9-257C9EC49419}.Release|Any CPU.ActiveCfg = Release|Any CPU
		{28894FDA-FC0E-4897-9BB9-257C9EC49419}.Release|Any CPU.Build.0 = Release|Any CPU
	EndGlobalSection
	GlobalSection(SolutionProperties) = preSolution
		HideSolutionNode = FALSE
	EndGlobalSection
	GlobalSection(ExtensibilityGlobals) = postSolution
		SolutionGuid = {9A416164-F9AB-4FDD-846C-AB98F3D2E3B3}
	EndGlobalSection
EndGlobal
