
Microsoft Visual Studio Solution File, Format Version 12.00
# Visual Studio 15
VisualStudioVersion = 15.0.28307.779
MinimumVisualStudioVersion = 10.0.40219.1
Project("{FAE04EC0-301F-11D3-BF4B-00C04F79EFBC}") = "NO.082_二维数组中的查找", "NO.082_二维数组中的查找\NO.082_二维数组中的查找.csproj", "{D4F56EC3-103C-4928-A331-61A937E26B0E}"
EndProject
Global
	GlobalSection(SolutionConfigurationPlatforms) = preSolution
		Debug|Any CPU = Debug|Any CPU
		Release|Any CPU = Release|Any CPU
	EndGlobalSection
	GlobalSection(ProjectConfigurationPlatforms) = postSolution
		{D4F56EC3-103C-4928-A331-61A937E26B0E}.Debug|Any CPU.ActiveCfg = Debug|Any CPU
		{D4F56EC3-103C-4928-A331-61A937E26B0E}.Debug|Any CPU.Build.0 = Debug|Any CPU
		{D4F56EC3-103C-4928-A331-61A937E26B0E}.Release|Any CPU.ActiveCfg = Release|Any CPU
		{D4F56EC3-103C-4928-A331-61A937E26B0E}.Release|Any CPU.Build.0 = Release|Any CPU
	EndGlobalSection
	GlobalSection(SolutionProperties) = preSolution
		HideSolutionNode = FALSE
	EndGlobalSection
	GlobalSection(ExtensibilityGlobals) = postSolution
		SolutionGuid = {8F4A127E-9DAA-4A56-8858-674A0DF889B0}
	EndGlobalSection
EndGlobal
