
Microsoft Visual Studio Solution File, Format Version 12.00
# Visual Studio 15
VisualStudioVersion = 15.0.28307.852
MinimumVisualStudioVersion = 10.0.40219.1
Project("{FAE04EC0-301F-11D3-BF4B-00C04F79EFBC}") = "二叉树的右视图", "二叉树的右视图\二叉树的右视图.csproj", "{81E42899-6946-4ABF-B9DE-AF6F79A8ECFE}"
EndProject
Global
	GlobalSection(SolutionConfigurationPlatforms) = preSolution
		Debug|Any CPU = Debug|Any CPU
		Release|Any CPU = Release|Any CPU
	EndGlobalSection
	GlobalSection(ProjectConfigurationPlatforms) = postSolution
		{81E42899-6946-4ABF-B9DE-AF6F79A8ECFE}.Debug|Any CPU.ActiveCfg = Debug|Any CPU
		{81E42899-6946-4ABF-B9DE-AF6F79A8ECFE}.Debug|Any CPU.Build.0 = Debug|Any CPU
		{81E42899-6946-4ABF-B9DE-AF6F79A8ECFE}.Release|Any CPU.ActiveCfg = Release|Any CPU
		{81E42899-6946-4ABF-B9DE-AF6F79A8ECFE}.Release|Any CPU.Build.0 = Release|Any CPU
	EndGlobalSection
	GlobalSection(SolutionProperties) = preSolution
		HideSolutionNode = FALSE
	EndGlobalSection
	GlobalSection(ExtensibilityGlobals) = postSolution
		SolutionGuid = {B03ED493-D0BE-4AA2-842C-C95739B9C878}
	EndGlobalSection
EndGlobal
