
Microsoft Visual Studio Solution File, Format Version 12.00
# Visual Studio 15
VisualStudioVersion = 15.0.28307.779
MinimumVisualStudioVersion = 10.0.40219.1
Project("{FAE04EC0-301F-11D3-BF4B-00C04F79EFBC}") = "NO.060_最长对称子字符串", "NO.060_最长对称子字符串\NO.060_最长对称子字符串.csproj", "{0F2E4A6F-2BA4-49DB-A8CA-20F9C6BC1DD9}"
EndProject
Global
	GlobalSection(SolutionConfigurationPlatforms) = preSolution
		Debug|Any CPU = Debug|Any CPU
		Release|Any CPU = Release|Any CPU
	EndGlobalSection
	GlobalSection(ProjectConfigurationPlatforms) = postSolution
		{0F2E4A6F-2BA4-49DB-A8CA-20F9C6BC1DD9}.Debug|Any CPU.ActiveCfg = Debug|Any CPU
		{0F2E4A6F-2BA4-49DB-A8CA-20F9C6BC1DD9}.Debug|Any CPU.Build.0 = Debug|Any CPU
		{0F2E4A6F-2BA4-49DB-A8CA-20F9C6BC1DD9}.Release|Any CPU.ActiveCfg = Release|Any CPU
		{0F2E4A6F-2BA4-49DB-A8CA-20F9C6BC1DD9}.Release|Any CPU.Build.0 = Release|Any CPU
	EndGlobalSection
	GlobalSection(SolutionProperties) = preSolution
		HideSolutionNode = FALSE
	EndGlobalSection
	GlobalSection(ExtensibilityGlobals) = postSolution
		SolutionGuid = {582F33AB-9987-47FD-A6BF-333377A40D43}
	EndGlobalSection
EndGlobal
