
Microsoft Visual Studio Solution File, Format Version 12.00
# Visual Studio 15
VisualStudioVersion = 15.0.28307.779
MinimumVisualStudioVersion = 10.0.40219.1
Project("{FAE04EC0-301F-11D3-BF4B-00C04F79EFBC}") = "NO.057_求角度", "NO.057_求角度\NO.057_求角度.csproj", "{C00873DD-2978-460E-8450-79544304DF0D}"
EndProject
Global
	GlobalSection(SolutionConfigurationPlatforms) = preSolution
		Debug|Any CPU = Debug|Any CPU
		Release|Any CPU = Release|Any CPU
	EndGlobalSection
	GlobalSection(ProjectConfigurationPlatforms) = postSolution
		{C00873DD-2978-460E-8450-79544304DF0D}.Debug|Any CPU.ActiveCfg = Debug|Any CPU
		{C00873DD-2978-460E-8450-79544304DF0D}.Debug|Any CPU.Build.0 = Debug|Any CPU
		{C00873DD-2978-460E-8450-79544304DF0D}.Release|Any CPU.ActiveCfg = Release|Any CPU
		{C00873DD-2978-460E-8450-79544304DF0D}.Release|Any CPU.Build.0 = Release|Any CPU
	EndGlobalSection
	GlobalSection(SolutionProperties) = preSolution
		HideSolutionNode = FALSE
	EndGlobalSection
	GlobalSection(ExtensibilityGlobals) = postSolution
		SolutionGuid = {A944A72B-145F-4921-820E-C59CCF32E29E}
	EndGlobalSection
EndGlobal
