
Microsoft Visual Studio Solution File, Format Version 12.00
# Visual Studio 15
VisualStudioVersion = 15.0.28307.852
MinimumVisualStudioVersion = 10.0.40219.1
Project("{FAE04EC0-301F-11D3-BF4B-00C04F79EFBC}") = "Problem_01", "Problem_01\Problem_01.csproj", "{F177E866-E9EC-4022-9733-C2B3084F6CC9}"
EndProject
Project("{FAE04EC0-301F-11D3-BF4B-00C04F79EFBC}") = "Problem_02", "Problem_02\Problem_02.csproj", "{F82A23A1-695B-4E6B-9DCA-7C19A3B1519F}"
EndProject
Project("{FAE04EC0-301F-11D3-BF4B-00C04F79EFBC}") = "Problem_04", "Problem_04\Problem_04.csproj", "{1462D647-68EB-4A33-8B01-B1CAE1261F1D}"
EndProject
Global
	GlobalSection(SolutionConfigurationPlatforms) = preSolution
		Debug|Any CPU = Debug|Any CPU
		Release|Any CPU = Release|Any CPU
	EndGlobalSection
	GlobalSection(ProjectConfigurationPlatforms) = postSolution
		{F177E866-E9EC-4022-9733-C2B3084F6CC9}.Debug|Any CPU.ActiveCfg = Debug|Any CPU
		{F177E866-E9EC-4022-9733-C2B3084F6CC9}.Debug|Any CPU.Build.0 = Debug|Any CPU
		{F177E866-E9EC-4022-9733-C2B3084F6CC9}.Release|Any CPU.ActiveCfg = Release|Any CPU
		{F177E866-E9EC-4022-9733-C2B3084F6CC9}.Release|Any CPU.Build.0 = Release|Any CPU
		{F82A23A1-695B-4E6B-9DCA-7C19A3B1519F}.Debug|Any CPU.ActiveCfg = Debug|Any CPU
		{F82A23A1-695B-4E6B-9DCA-7C19A3B1519F}.Debug|Any CPU.Build.0 = Debug|Any CPU
		{F82A23A1-695B-4E6B-9DCA-7C19A3B1519F}.Release|Any CPU.ActiveCfg = Release|Any CPU
		{F82A23A1-695B-4E6B-9DCA-7C19A3B1519F}.Release|Any CPU.Build.0 = Release|Any CPU
		{1462D647-68EB-4A33-8B01-B1CAE1261F1D}.Debug|Any CPU.ActiveCfg = Debug|Any CPU
		{1462D647-68EB-4A33-8B01-B1CAE1261F1D}.Debug|Any CPU.Build.0 = Debug|Any CPU
		{1462D647-68EB-4A33-8B01-B1CAE1261F1D}.Release|Any CPU.ActiveCfg = Release|Any CPU
		{1462D647-68EB-4A33-8B01-B1CAE1261F1D}.Release|Any CPU.Build.0 = Release|Any CPU
	EndGlobalSection
	GlobalSection(SolutionProperties) = preSolution
		HideSolutionNode = FALSE
	EndGlobalSection
	GlobalSection(ExtensibilityGlobals) = postSolution
		SolutionGuid = {747D0D28-897A-45F6-96CB-6FB93A834C00}
	EndGlobalSection
EndGlobal
