
Microsoft Visual Studio Solution File, Format Version 12.00
# Visual Studio 15
VisualStudioVersion = 15.0.28307.852
MinimumVisualStudioVersion = 10.0.40219.1
Project("{FAE04EC0-301F-11D3-BF4B-00C04F79EFBC}") = "二分法", "二分法\二分法.csproj", "{4A4B587F-24FA-44ED-B74E-2C6E10429F0D}"
EndProject
Global
	GlobalSection(SolutionConfigurationPlatforms) = preSolution
		Debug|Any CPU = Debug|Any CPU
		Release|Any CPU = Release|Any CPU
	EndGlobalSection
	GlobalSection(ProjectConfigurationPlatforms) = postSolution
		{4A4B587F-24FA-44ED-B74E-2C6E10429F0D}.Debug|Any CPU.ActiveCfg = Debug|Any CPU
		{4A4B587F-24FA-44ED-B74E-2C6E10429F0D}.Debug|Any CPU.Build.0 = Debug|Any CPU
		{4A4B587F-24FA-44ED-B74E-2C6E10429F0D}.Release|Any CPU.ActiveCfg = Release|Any CPU
		{4A4B587F-24FA-44ED-B74E-2C6E10429F0D}.Release|Any CPU.Build.0 = Release|Any CPU
	EndGlobalSection
	GlobalSection(SolutionProperties) = preSolution
		HideSolutionNode = FALSE
	EndGlobalSection
	GlobalSection(ExtensibilityGlobals) = postSolution
		SolutionGuid = {0BA4381A-C4DC-4B25-91C5-D8409B5305B9}
	EndGlobalSection
EndGlobal
