
Microsoft Visual Studio Solution File, Format Version 12.00
# Visual Studio 15
VisualStudioVersion = 15.0.28307.779
MinimumVisualStudioVersion = 10.0.40219.1
Project("{FAE04EC0-301F-11D3-BF4B-00C04F79EFBC}") = "NO.062_矩阵查数", "NO.062_矩阵查数\NO.062_矩阵查数.csproj", "{45D767DF-B742-4E84-9C7C-1E40E0901F0E}"
EndProject
Global
	GlobalSection(SolutionConfigurationPlatforms) = preSolution
		Debug|Any CPU = Debug|Any CPU
		Release|Any CPU = Release|Any CPU
	EndGlobalSection
	GlobalSection(ProjectConfigurationPlatforms) = postSolution
		{45D767DF-B742-4E84-9C7C-1E40E0901F0E}.Debug|Any CPU.ActiveCfg = Debug|Any CPU
		{45D767DF-B742-4E84-9C7C-1E40E0901F0E}.Debug|Any CPU.Build.0 = Debug|Any CPU
		{45D767DF-B742-4E84-9C7C-1E40E0901F0E}.Release|Any CPU.ActiveCfg = Release|Any CPU
		{45D767DF-B742-4E84-9C7C-1E40E0901F0E}.Release|Any CPU.Build.0 = Release|Any CPU
	EndGlobalSection
	GlobalSection(SolutionProperties) = preSolution
		HideSolutionNode = FALSE
	EndGlobalSection
	GlobalSection(ExtensibilityGlobals) = postSolution
		SolutionGuid = {C3C4268C-257B-4BF1-BD97-66E2F0C5B28E}
	EndGlobalSection
EndGlobal
