
Microsoft Visual Studio Solution File, Format Version 12.00
# Visual Studio 15
VisualStudioVersion = 15.0.28307.705
MinimumVisualStudioVersion = 10.0.40219.1
Project("{FAE04EC0-301F-11D3-BF4B-00C04F79EFBC}") = "NO.43_左旋转字符串", "NO.43_左旋转字符串\NO.43_左旋转字符串.csproj", "{3EB43288-CEC4-4B78-89BE-962DA2FCB36A}"
EndProject
Global
	GlobalSection(SolutionConfigurationPlatforms) = preSolution
		Debug|Any CPU = Debug|Any CPU
		Release|Any CPU = Release|Any CPU
	EndGlobalSection
	GlobalSection(ProjectConfigurationPlatforms) = postSolution
		{3EB43288-CEC4-4B78-89BE-962DA2FCB36A}.Debug|Any CPU.ActiveCfg = Debug|Any CPU
		{3EB43288-CEC4-4B78-89BE-962DA2FCB36A}.Debug|Any CPU.Build.0 = Debug|Any CPU
		{3EB43288-CEC4-4B78-89BE-962DA2FCB36A}.Release|Any CPU.ActiveCfg = Release|Any CPU
		{3EB43288-CEC4-4B78-89BE-962DA2FCB36A}.Release|Any CPU.Build.0 = Release|Any CPU
	EndGlobalSection
	GlobalSection(SolutionProperties) = preSolution
		HideSolutionNode = FALSE
	EndGlobalSection
	GlobalSection(ExtensibilityGlobals) = postSolution
		SolutionGuid = {F72EAD88-E7E7-4EAF-B25A-BCBD0F79476D}
	EndGlobalSection
EndGlobal
