
Microsoft Visual Studio Solution File, Format Version 12.00
# Visual Studio 15
VisualStudioVersion = 15.0.28307.852
MinimumVisualStudioVersion = 10.0.40219.1
Project("{FAE04EC0-301F-11D3-BF4B-00C04F79EFBC}") = "NO.134_有向路径检查", "NO.134_有向路径检查\NO.134_有向路径检查.csproj", "{EF6AFA42-8A9D-4547-988E-24BDDCBC9B7E}"
EndProject
Global
	GlobalSection(SolutionConfigurationPlatforms) = preSolution
		Debug|Any CPU = Debug|Any CPU
		Release|Any CPU = Release|Any CPU
	EndGlobalSection
	GlobalSection(ProjectConfigurationPlatforms) = postSolution
		{EF6AFA42-8A9D-4547-988E-24BDDCBC9B7E}.Debug|Any CPU.ActiveCfg = Debug|Any CPU
		{EF6AFA42-8A9D-4547-988E-24BDDCBC9B7E}.Debug|Any CPU.Build.0 = Debug|Any CPU
		{EF6AFA42-8A9D-4547-988E-24BDDCBC9B7E}.Release|Any CPU.ActiveCfg = Release|Any CPU
		{EF6AFA42-8A9D-4547-988E-24BDDCBC9B7E}.Release|Any CPU.Build.0 = Release|Any CPU
	EndGlobalSection
	GlobalSection(SolutionProperties) = preSolution
		HideSolutionNode = FALSE
	EndGlobalSection
	GlobalSection(ExtensibilityGlobals) = postSolution
		SolutionGuid = {AC3CD4D0-AD4D-4021-9649-BE5414CF9C30}
	EndGlobalSection
EndGlobal
