
Microsoft Visual Studio Solution File, Format Version 12.00
# Visual Studio 15
VisualStudioVersion = 15.0.28307.705
MinimumVisualStudioVersion = 10.0.40219.1
Project("{FAE04EC0-301F-11D3-BF4B-00C04F79EFBC}") = "OddEvenJudge", "OddEvenJudge\OddEvenJudge.csproj", "{C87BDCE7-F3AA-48B6-A033-5C77E8230B5B}"
EndProject
Global
	GlobalSection(SolutionConfigurationPlatforms) = preSolution
		Debug|Any CPU = Debug|Any CPU
		Release|Any CPU = Release|Any CPU
	EndGlobalSection
	GlobalSection(ProjectConfigurationPlatforms) = postSolution
		{C87BDCE7-F3AA-48B6-A033-5C77E8230B5B}.Debug|Any CPU.ActiveCfg = Debug|Any CPU
		{C87BDCE7-F3AA-48B6-A033-5C77E8230B5B}.Debug|Any CPU.Build.0 = Debug|Any CPU
		{C87BDCE7-F3AA-48B6-A033-5C77E8230B5B}.Release|Any CPU.ActiveCfg = Release|Any CPU
		{C87BDCE7-F3AA-48B6-A033-5C77E8230B5B}.Release|Any CPU.Build.0 = Release|Any CPU
	EndGlobalSection
	GlobalSection(SolutionProperties) = preSolution
		HideSolutionNode = FALSE
	EndGlobalSection
	GlobalSection(ExtensibilityGlobals) = postSolution
		SolutionGuid = {7FB2FEE9-88F8-46F3-8BFB-BE39B89F4047}
	EndGlobalSection
EndGlobal
