
Microsoft Visual Studio Solution File, Format Version 12.00
# Visual Studio 15
VisualStudioVersion = 15.0.28307.705
MinimumVisualStudioVersion = 10.0.40219.1
Project("{FAE04EC0-301F-11D3-BF4B-00C04F79EFBC}") = "线性表", "线性表\线性表.csproj", "{AF9009E9-4D8F-4838-91A9-2F3DA97888DA}"
EndProject
Project("{FAE04EC0-301F-11D3-BF4B-00C04F79EFBC}") = "单链表", "单链表\单链表.csproj", "{3DE921EF-3B7A-4103-B407-B14C6F4E20CA}"
EndProject
Project("{FAE04EC0-301F-11D3-BF4B-00C04F79EFBC}") = "顺序栈", "栈\顺序栈.csproj", "{43975819-7C99-4286-80A2-49385B719DA7}"
EndProject
Project("{FAE04EC0-301F-11D3-BF4B-00C04F79EFBC}") = "链栈", "链栈\链栈.csproj", "{A38809F6-161D-4E64-8E9B-307FCED0A44D}"
EndProject
Project("{FAE04EC0-301F-11D3-BF4B-00C04F79EFBC}") = "顺序队列", "顺序队列\顺序队列.csproj", "{E38D5CFF-B5F0-4D55-A991-683633520317}"
EndProject
Global
	GlobalSection(SolutionConfigurationPlatforms) = preSolution
		Debug|Any CPU = Debug|Any CPU
		Release|Any CPU = Release|Any CPU
	EndGlobalSection
	GlobalSection(ProjectConfigurationPlatforms) = postSolution
		{AF9009E9-4D8F-4838-91A9-2F3DA97888DA}.Debug|Any CPU.ActiveCfg = Debug|Any CPU
		{AF9009E9-4D8F-4838-91A9-2F3DA97888DA}.Debug|Any CPU.Build.0 = Debug|Any CPU
		{AF9009E9-4D8F-4838-91A9-2F3DA97888DA}.Release|Any CPU.ActiveCfg = Release|Any CPU
		{AF9009E9-4D8F-4838-91A9-2F3DA97888DA}.Release|Any CPU.Build.0 = Release|Any CPU
		{3DE921EF-3B7A-4103-B407-B14C6F4E20CA}.Debug|Any CPU.ActiveCfg = Debug|Any CPU
		{3DE921EF-3B7A-4103-B407-B14C6F4E20CA}.Debug|Any CPU.Build.0 = Debug|Any CPU
		{3DE921EF-3B7A-4103-B407-B14C6F4E20CA}.Release|Any CPU.ActiveCfg = Release|Any CPU
		{3DE921EF-3B7A-4103-B407-B14C6F4E20CA}.Release|Any CPU.Build.0 = Release|Any CPU
		{43975819-7C99-4286-80A2-49385B719DA7}.Debug|Any CPU.ActiveCfg = Debug|Any CPU
		{43975819-7C99-4286-80A2-49385B719DA7}.Debug|Any CPU.Build.0 = Debug|Any CPU
		{43975819-7C99-4286-80A2-49385B719DA7}.Release|Any CPU.ActiveCfg = Release|Any CPU
		{43975819-7C99-4286-80A2-49385B719DA7}.Release|Any CPU.Build.0 = Release|Any CPU
		{A38809F6-161D-4E64-8E9B-307FCED0A44D}.Debug|Any CPU.ActiveCfg = Debug|Any CPU
		{A38809F6-161D-4E64-8E9B-307FCED0A44D}.Debug|Any CPU.Build.0 = Debug|Any CPU
		{A38809F6-161D-4E64-8E9B-307FCED0A44D}.Release|Any CPU.ActiveCfg = Release|Any CPU
		{A38809F6-161D-4E64-8E9B-307FCED0A44D}.Release|Any CPU.Build.0 = Release|Any CPU
		{E38D5CFF-B5F0-4D55-A991-683633520317}.Debug|Any CPU.ActiveCfg = Debug|Any CPU
		{E38D5CFF-B5F0-4D55-A991-683633520317}.Debug|Any CPU.Build.0 = Debug|Any CPU
		{E38D5CFF-B5F0-4D55-A991-683633520317}.Release|Any CPU.ActiveCfg = Release|Any CPU
		{E38D5CFF-B5F0-4D55-A991-683633520317}.Release|Any CPU.Build.0 = Release|Any CPU
	EndGlobalSection
	GlobalSection(SolutionProperties) = preSolution
		HideSolutionNode = FALSE
	EndGlobalSection
	GlobalSection(ExtensibilityGlobals) = postSolution
		SolutionGuid = {A56015B8-76C1-4F93-863F-0562A320843C}
	EndGlobalSection
EndGlobal
