
Microsoft Visual Studio Solution File, Format Version 12.00
# Visual Studio 15
VisualStudioVersion = 15.0.28307.852
MinimumVisualStudioVersion = 10.0.40219.1
Project("{FAE04EC0-301F-11D3-BF4B-00C04F79EFBC}") = "客户端", "客户端\客户端.csproj", "{AAC2E373-2E14-4BBA-A43B-11730B1D7797}"
EndProject
Global
	GlobalSection(SolutionConfigurationPlatforms) = preSolution
		Debug|Any CPU = Debug|Any CPU
		Release|Any CPU = Release|Any CPU
	EndGlobalSection
	GlobalSection(ProjectConfigurationPlatforms) = postSolution
		{AAC2E373-2E14-4BBA-A43B-11730B1D7797}.Debug|Any CPU.ActiveCfg = Debug|Any CPU
		{AAC2E373-2E14-4BBA-A43B-11730B1D7797}.Debug|Any CPU.Build.0 = Debug|Any CPU
		{AAC2E373-2E14-4BBA-A43B-11730B1D7797}.Release|Any CPU.ActiveCfg = Release|Any CPU
		{AAC2E373-2E14-4BBA-A43B-11730B1D7797}.Release|Any CPU.Build.0 = Release|Any CPU
	EndGlobalSection
	GlobalSection(SolutionProperties) = preSolution
		HideSolutionNode = FALSE
	EndGlobalSection
	GlobalSection(ExtensibilityGlobals) = postSolution
		SolutionGuid = {19F58A96-A540-4464-A37E-D1FFEAB01F8F}
	EndGlobalSection
EndGlobal
