
Microsoft Visual Studio Solution File, Format Version 12.00
# Visual Studio 15
VisualStudioVersion = 15.0.28307.779
MinimumVisualStudioVersion = 10.0.40219.1
Project("{FAE04EC0-301F-11D3-BF4B-00C04F79EFBC}") = "NO.051_有序矩阵中第K小的元素", "NO.051_有序矩阵中第K小的元素\NO.051_有序矩阵中第K小的元素.csproj", "{C444D3CF-61CA-45F2-847E-ECADB370063D}"
EndProject
Global
	GlobalSection(SolutionConfigurationPlatforms) = preSolution
		Debug|Any CPU = Debug|Any CPU
		Release|Any CPU = Release|Any CPU
	EndGlobalSection
	GlobalSection(ProjectConfigurationPlatforms) = postSolution
		{C444D3CF-61CA-45F2-847E-ECADB370063D}.Debug|Any CPU.ActiveCfg = Debug|Any CPU
		{C444D3CF-61CA-45F2-847E-ECADB370063D}.Debug|Any CPU.Build.0 = Debug|Any CPU
		{C444D3CF-61CA-45F2-847E-ECADB370063D}.Release|Any CPU.ActiveCfg = Release|Any CPU
		{C444D3CF-61CA-45F2-847E-ECADB370063D}.Release|Any CPU.Build.0 = Release|Any CPU
	EndGlobalSection
	GlobalSection(SolutionProperties) = preSolution
		HideSolutionNode = FALSE
	EndGlobalSection
	GlobalSection(ExtensibilityGlobals) = postSolution
		SolutionGuid = {4EB2BDB8-B92D-4812-95A4-D0D0B8D78906}
	EndGlobalSection
EndGlobal
