
Microsoft Visual Studio Solution File, Format Version 12.00
# Visual Studio 15
VisualStudioVersion = 15.0.28307.779
MinimumVisualStudioVersion = 10.0.40219.1
Project("{FAE04EC0-301F-11D3-BF4B-00C04F79EFBC}") = "NO.087_继承", "NO.087_继承\NO.087_继承.csproj", "{CCAE23CD-3068-488C-8B54-18DAE20FFEF1}"
EndProject
Global
	GlobalSection(SolutionConfigurationPlatforms) = preSolution
		Debug|Any CPU = Debug|Any CPU
		Release|Any CPU = Release|Any CPU
	EndGlobalSection
	GlobalSection(ProjectConfigurationPlatforms) = postSolution
		{CCAE23CD-3068-488C-8B54-18DAE20FFEF1}.Debug|Any CPU.ActiveCfg = Debug|Any CPU
		{CCAE23CD-3068-488C-8B54-18DAE20FFEF1}.Debug|Any CPU.Build.0 = Debug|Any CPU
		{CCAE23CD-3068-488C-8B54-18DAE20FFEF1}.Release|Any CPU.ActiveCfg = Release|Any CPU
		{CCAE23CD-3068-488C-8B54-18DAE20FFEF1}.Release|Any CPU.Build.0 = Release|Any CPU
	EndGlobalSection
	GlobalSection(SolutionProperties) = preSolution
		HideSolutionNode = FALSE
	EndGlobalSection
	GlobalSection(ExtensibilityGlobals) = postSolution
		SolutionGuid = {710ADB32-014E-4243-943F-E32AB8670DC8}
	EndGlobalSection
EndGlobal
