
Microsoft Visual Studio Solution File, Format Version 12.00
# Visual Studio 15
VisualStudioVersion = 15.0.28307.168
MinimumVisualStudioVersion = 10.0.40219.1
Project("{FAE04EC0-301F-11D3-BF4B-00C04F79EFBC}") = "用户操作", "test1\用户操作.csproj", "{5C4DF02C-9743-4FB1-B3DB-4850B8798DFE}"
EndProject
Project("{FAE04EC0-301F-11D3-BF4B-00C04F79EFBC}") = "100以内被7整除的数相加", "练习3\100以内被7整除的数相加.csproj", "{B785B750-B6C7-4552-8327-499A70ECF417}"
EndProject
Project("{FAE04EC0-301F-11D3-BF4B-00C04F79EFBC}") = "1-100平方及平方根", "练习4\1-100平方及平方根.csproj", "{2A23128A-900E-4A41-ADA8-6F33D5D6E6D0}"
EndProject
Project("{FAE04EC0-301F-11D3-BF4B-00C04F79EFBC}") = "兔子繁殖问题", "兔子繁殖问题\兔子繁殖问题.csproj", "{3B04A33B-FCBF-49DA-B1FF-E770E4AFC773}"
EndProject
Project("{FAE04EC0-301F-11D3-BF4B-00C04F79EFBC}") = "100可3不可5", "100可3不可5\100可3不可5.csproj", "{225BDFED-8372-467F-9DC7-CD28FBCDA149}"
EndProject
Project("{FAE04EC0-301F-11D3-BF4B-00C04F79EFBC}") = "1000以内素数", "1000以内素数\1000以内素数.csproj", "{F8137620-7E2B-4C8C-92EB-AFF4662478FC}"
EndProject
Project("{FAE04EC0-301F-11D3-BF4B-00C04F79EFBC}") = "九九乘法表", "九九乘法表\九九乘法表.csproj", "{89AA4116-5464-40E5-B189-8F2777B68F43}"
EndProject
Project("{FAE04EC0-301F-11D3-BF4B-00C04F79EFBC}") = "100次骰子", "100次骰子\100次骰子.csproj", "{D5752485-3D3A-46A3-A46E-874618B18D68}"
EndProject
Global
	GlobalSection(SolutionConfigurationPlatforms) = preSolution
		Debug|Any CPU = Debug|Any CPU
		Release|Any CPU = Release|Any CPU
	EndGlobalSection
	GlobalSection(ProjectConfigurationPlatforms) = postSolution
		{5C4DF02C-9743-4FB1-B3DB-4850B8798DFE}.Debug|Any CPU.ActiveCfg = Debug|Any CPU
		{5C4DF02C-9743-4FB1-B3DB-4850B8798DFE}.Debug|Any CPU.Build.0 = Debug|Any CPU
		{5C4DF02C-9743-4FB1-B3DB-4850B8798DFE}.Release|Any CPU.ActiveCfg = Release|Any CPU
		{5C4DF02C-9743-4FB1-B3DB-4850B8798DFE}.Release|Any CPU.Build.0 = Release|Any CPU
		{B785B750-B6C7-4552-8327-499A70ECF417}.Debug|Any CPU.ActiveCfg = Debug|Any CPU
		{B785B750-B6C7-4552-8327-499A70ECF417}.Debug|Any CPU.Build.0 = Debug|Any CPU
		{B785B750-B6C7-4552-8327-499A70ECF417}.Release|Any CPU.ActiveCfg = Release|Any CPU
		{B785B750-B6C7-4552-8327-499A70ECF417}.Release|Any CPU.Build.0 = Release|Any CPU
		{2A23128A-900E-4A41-ADA8-6F33D5D6E6D0}.Debug|Any CPU.ActiveCfg = Debug|Any CPU
		{2A23128A-900E-4A41-ADA8-6F33D5D6E6D0}.Debug|Any CPU.Build.0 = Debug|Any CPU
		{2A23128A-900E-4A41-ADA8-6F33D5D6E6D0}.Release|Any CPU.ActiveCfg = Release|Any CPU
		{2A23128A-900E-4A41-ADA8-6F33D5D6E6D0}.Release|Any CPU.Build.0 = Release|Any CPU
		{3B04A33B-FCBF-49DA-B1FF-E770E4AFC773}.Debug|Any CPU.ActiveCfg = Debug|Any CPU
		{3B04A33B-FCBF-49DA-B1FF-E770E4AFC773}.Debug|Any CPU.Build.0 = Debug|Any CPU
		{3B04A33B-FCBF-49DA-B1FF-E770E4AFC773}.Release|Any CPU.ActiveCfg = Release|Any CPU
		{3B04A33B-FCBF-49DA-B1FF-E770E4AFC773}.Release|Any CPU.Build.0 = Release|Any CPU
		{225BDFED-8372-467F-9DC7-CD28FBCDA149}.Debug|Any CPU.ActiveCfg = Debug|Any CPU
		{225BDFED-8372-467F-9DC7-CD28FBCDA149}.Debug|Any CPU.Build.0 = Debug|Any CPU
		{225BDFED-8372-467F-9DC7-CD28FBCDA149}.Release|Any CPU.ActiveCfg = Release|Any CPU
		{225BDFED-8372-467F-9DC7-CD28FBCDA149}.Release|Any CPU.Build.0 = Release|Any CPU
		{F8137620-7E2B-4C8C-92EB-AFF4662478FC}.Debug|Any CPU.ActiveCfg = Debug|Any CPU
		{F8137620-7E2B-4C8C-92EB-AFF4662478FC}.Debug|Any CPU.Build.0 = Debug|Any CPU
		{F8137620-7E2B-4C8C-92EB-AFF4662478FC}.Release|Any CPU.ActiveCfg = Release|Any CPU
		{F8137620-7E2B-4C8C-92EB-AFF4662478FC}.Release|Any CPU.Build.0 = Release|Any CPU
		{89AA4116-5464-40E5-B189-8F2777B68F43}.Debug|Any CPU.ActiveCfg = Debug|Any CPU
		{89AA4116-5464-40E5-B189-8F2777B68F43}.Debug|Any CPU.Build.0 = Debug|Any CPU
		{89AA4116-5464-40E5-B189-8F2777B68F43}.Release|Any CPU.ActiveCfg = Release|Any CPU
		{89AA4116-5464-40E5-B189-8F2777B68F43}.Release|Any CPU.Build.0 = Release|Any CPU
		{D5752485-3D3A-46A3-A46E-874618B18D68}.Debug|Any CPU.ActiveCfg = Debug|Any CPU
		{D5752485-3D3A-46A3-A46E-874618B18D68}.Debug|Any CPU.Build.0 = Debug|Any CPU
		{D5752485-3D3A-46A3-A46E-874618B18D68}.Release|Any CPU.ActiveCfg = Release|Any CPU
		{D5752485-3D3A-46A3-A46E-874618B18D68}.Release|Any CPU.Build.0 = Release|Any CPU
	EndGlobalSection
	GlobalSection(SolutionProperties) = preSolution
		HideSolutionNode = FALSE
	EndGlobalSection
	GlobalSection(ExtensibilityGlobals) = postSolution
		SolutionGuid = {8E01E50F-C560-4999-B4C4-CC7FEBF4F211}
	EndGlobalSection
EndGlobal
