
Microsoft Visual Studio Solution File, Format Version 12.00
# Visual Studio 15
VisualStudioVersion = 15.0.28307.168
MinimumVisualStudioVersion = 10.0.40219.1
Project("{FAE04EC0-301F-11D3-BF4B-00C04F79EFBC}") = "用户操作", "test1\用户操作.csproj", "{5C4DF02C-9743-4FB1-B3DB-4850B8798DFE}"
EndProject
Project("{FAE04EC0-301F-11D3-BF4B-00C04F79EFBC}") = "100以内被7整除的数相加", "练习3\100以内被7整除的数相加.csproj", "{B785B750-B6C7-4552-8327-499A70ECF417}"
EndProject
Project("{FAE04EC0-301F-11D3-BF4B-00C04F79EFBC}") = "1-100平方及平方根", "练习4\1-100平方及平方根.csproj", "{2A23128A-900E-4A41-ADA8-6F33D5D6E6D0}"
EndProject
Project("{FAE04EC0-301F-11D3-BF4B-00C04F79EFBC}") = "兔子繁殖问题", "兔子繁殖问题\兔子繁殖问题.csproj", "{3B04A33B-FCBF-49DA-B1FF-E770E4AFC773}"
EndProject
Project("{FAE04EC0-301F-11D3-BF4B-00C04F79EFBC}") = "100可3不可5", "100可3不可5\100可3不可5.csproj", "{225BDFED-8372-467F-9DC7-CD28FBCDA149}"
EndProject
Project("{FAE04EC0-301F-11D3-BF4B-00C04F79EFBC}") = "1000以内素数", "1000以内素数\1000以内素数.csproj", "{F8137620-7E2B-4C8C-92EB-AFF4662478FC}"
EndProject
Project("{FAE04EC0-301F-11D3-BF4B-00C04F79EFBC}") = "九九乘法表", "九九乘法表\九九乘法表.csproj", "{89AA4116-5464-40E5-B189-8F2777B68F43}"
EndProject
Project("{FAE04EC0-301F-11D3-BF4B-00C04F79EFBC}") = "100次骰子", "100次骰子\100次骰子.csproj", "{D5752485-3D3A-46A3-A46E-874618B18D68}"
EndProject
Project("{FAE04EC0-301F-11D3-BF4B-00C04F79EFBC}") = "循环练习", "循环练习\循环练习.csproj", "{D49257AA-8241-4D17-BACF-9B3F594AB2F0}"
EndProject
Project("{FAE04EC0-301F-11D3-BF4B-00C04F79EFBC}") = "五个大写字母", "五个大写字母\五个大写字母.csproj", "{DD3393F5-9CC0-47D2-91F6-9E5B409C4B21}"
EndProject
Project("{FAE04EC0-301F-11D3-BF4B-00C04F79EFBC}") = "枚举类型", "枚举类型\枚举类型.csproj", "{03A94A3A-04D0-4E66-8F75-624FD41E7B14}"
EndProject
Project("{FAE04EC0-301F-11D3-BF4B-00C04F79EFBC}") = "结构体", "结构体\结构体.csproj", "{5B0AD139-FE2B-410C-9FE4-C7EE0CDF8F0D}"
EndProject
Project("{FAE04EC0-301F-11D3-BF4B-00C04F79EFBC}") = "数组的遍历", "数组的遍历\数组的遍历.csproj", "{CC66A62F-CB65-4C86-B50B-FF5A9AD36C00}"
EndProject
Project("{FAE04EC0-301F-11D3-BF4B-00C04F79EFBC}") = "字符串处理", "字符串处理\字符串处理.csproj", "{4F8A0D49-838C-4D88-B151-06ED408FD1A1}"
EndProject
Project("{FAE04EC0-301F-11D3-BF4B-00C04F79EFBC}") = "水仙花数", "水仙花数\水仙花数.csproj", "{5232F2DF-E377-4FE9-81BF-96C000109453}"
EndProject
Project("{FAE04EC0-301F-11D3-BF4B-00C04F79EFBC}") = "可乐瓶", "可乐瓶\可乐瓶.csproj", "{A85966CF-2DC6-4B88-8F11-C995D6ED52DA}"
EndProject
Project("{FAE04EC0-301F-11D3-BF4B-00C04F79EFBC}") = "猜数字", "猜数字\猜数字.csproj", "{63DF76AA-D9A1-49C1-AA15-64EB6382B6E1}"
EndProject
Project("{FAE04EC0-301F-11D3-BF4B-00C04F79EFBC}") = "字符串加密", "字符串加密\字符串加密.csproj", "{BAC69D6F-C190-4B98-ADC8-A9A8ACA41EF9}"
EndProject
Project("{FAE04EC0-301F-11D3-BF4B-00C04F79EFBC}") = "升序输出数字", "升序输出数字\升序输出数字.csproj", "{C01B694F-38DD-42B2-9EFB-AB5E632421E3}"
EndProject
Project("{FAE04EC0-301F-11D3-BF4B-00C04F79EFBC}") = "test", "test\test.csproj", "{3A8E214B-D628-43C2-A5F0-6660A00A093E}"
EndProject
Project("{FAE04EC0-301F-11D3-BF4B-00C04F79EFBC}") = "蟠桃问题", "蟠桃问题\蟠桃问题.csproj", "{D56BCDFB-FB3E-44AB-B67A-5EA5B9B6DF4A}"
EndProject
Project("{FAE04EC0-301F-11D3-BF4B-00C04F79EFBC}") = "最小交换数", "最小交换数\最小交换数.csproj", "{BC7554D0-43D6-45ED-AD88-03C0F315DBDA}"
EndProject
Project("{FAE04EC0-301F-11D3-BF4B-00C04F79EFBC}") = "插入不乱序", "插入不乱序\插入不乱序.csproj", "{63E361E8-40EC-4174-A254-B4155B2BF58C}"
EndProject
Project("{FAE04EC0-301F-11D3-BF4B-00C04F79EFBC}") = "工资不找零", "工资不找零\工资不找零.csproj", "{D802F55E-A9B9-4E76-86E2-6B58A55551A9}"
EndProject
Project("{FAE04EC0-301F-11D3-BF4B-00C04F79EFBC}") = "C sharp合法字符判断", "C sharp合法字符判断\C sharp合法字符判断.csproj", "{9506ABBF-DC6A-4224-A254-B3213B0F0B13}"
EndProject
Project("{FAE04EC0-301F-11D3-BF4B-00C04F79EFBC}") = "回文串", "回文串\回文串.csproj", "{7301C1F3-A08E-422A-9906-02D6D1DCE32A}"
EndProject
Project("{FAE04EC0-301F-11D3-BF4B-00C04F79EFBC}") = "安全密码检测", "安全密码检测\安全密码检测.csproj", "{072A416D-436E-4655-976F-37DDF9348228}"
EndProject
Project("{FAE04EC0-301F-11D3-BF4B-00C04F79EFBC}") = "函数求因子", "函数求因子\函数求因子.csproj", "{030CAA03-CE9A-4BC3-957C-B46BD2E8DA44}"
EndProject
Project("{FAE04EC0-301F-11D3-BF4B-00C04F79EFBC}") = "函数求数组最大值", "函数求数组最大值\函数求数组最大值.csproj", "{D4C5D9F5-6C66-46AB-A70F-9E20A9CECB57}"
EndProject
Global
	GlobalSection(SolutionConfigurationPlatforms) = preSolution
		Debug|Any CPU = Debug|Any CPU
		Release|Any CPU = Release|Any CPU
	EndGlobalSection
	GlobalSection(ProjectConfigurationPlatforms) = postSolution
		{5C4DF02C-9743-4FB1-B3DB-4850B8798DFE}.Debug|Any CPU.ActiveCfg = Debug|Any CPU
		{5C4DF02C-9743-4FB1-B3DB-4850B8798DFE}.Debug|Any CPU.Build.0 = Debug|Any CPU
		{5C4DF02C-9743-4FB1-B3DB-4850B8798DFE}.Release|Any CPU.ActiveCfg = Release|Any CPU
		{5C4DF02C-9743-4FB1-B3DB-4850B8798DFE}.Release|Any CPU.Build.0 = Release|Any CPU
		{B785B750-B6C7-4552-8327-499A70ECF417}.Debug|Any CPU.ActiveCfg = Debug|Any CPU
		{B785B750-B6C7-4552-8327-499A70ECF417}.Debug|Any CPU.Build.0 = Debug|Any CPU
		{B785B750-B6C7-4552-8327-499A70ECF417}.Release|Any CPU.ActiveCfg = Release|Any CPU
		{B785B750-B6C7-4552-8327-499A70ECF417}.Release|Any CPU.Build.0 = Release|Any CPU
		{2A23128A-900E-4A41-ADA8-6F33D5D6E6D0}.Debug|Any CPU.ActiveCfg = Debug|Any CPU
		{2A23128A-900E-4A41-ADA8-6F33D5D6E6D0}.Debug|Any CPU.Build.0 = Debug|Any CPU
		{2A23128A-900E-4A41-ADA8-6F33D5D6E6D0}.Release|Any CPU.ActiveCfg = Release|Any CPU
		{2A23128A-900E-4A41-ADA8-6F33D5D6E6D0}.Release|Any CPU.Build.0 = Release|Any CPU
		{3B04A33B-FCBF-49DA-B1FF-E770E4AFC773}.Debug|Any CPU.ActiveCfg = Debug|Any CPU
		{3B04A33B-FCBF-49DA-B1FF-E770E4AFC773}.Debug|Any CPU.Build.0 = Debug|Any CPU
		{3B04A33B-FCBF-49DA-B1FF-E770E4AFC773}.Release|Any CPU.ActiveCfg = Release|Any CPU
		{3B04A33B-FCBF-49DA-B1FF-E770E4AFC773}.Release|Any CPU.Build.0 = Release|Any CPU
		{225BDFED-8372-467F-9DC7-CD28FBCDA149}.Debug|Any CPU.ActiveCfg = Debug|Any CPU
		{225BDFED-8372-467F-9DC7-CD28FBCDA149}.Debug|Any CPU.Build.0 = Debug|Any CPU
		{225BDFED-8372-467F-9DC7-CD28FBCDA149}.Release|Any CPU.ActiveCfg = Release|Any CPU
		{225BDFED-8372-467F-9DC7-CD28FBCDA149}.Release|Any CPU.Build.0 = Release|Any CPU
		{F8137620-7E2B-4C8C-92EB-AFF4662478FC}.Debug|Any CPU.ActiveCfg = Debug|Any CPU
		{F8137620-7E2B-4C8C-92EB-AFF4662478FC}.Debug|Any CPU.Build.0 = Debug|Any CPU
		{F8137620-7E2B-4C8C-92EB-AFF4662478FC}.Release|Any CPU.ActiveCfg = Release|Any CPU
		{F8137620-7E2B-4C8C-92EB-AFF4662478FC}.Release|Any CPU.Build.0 = Release|Any CPU
		{89AA4116-5464-40E5-B189-8F2777B68F43}.Debug|Any CPU.ActiveCfg = Debug|Any CPU
		{89AA4116-5464-40E5-B189-8F2777B68F43}.Debug|Any CPU.Build.0 = Debug|Any CPU
		{89AA4116-5464-40E5-B189-8F2777B68F43}.Release|Any CPU.ActiveCfg = Release|Any CPU
		{89AA4116-5464-40E5-B189-8F2777B68F43}.Release|Any CPU.Build.0 = Release|Any CPU
		{D5752485-3D3A-46A3-A46E-874618B18D68}.Debug|Any CPU.ActiveCfg = Debug|Any CPU
		{D5752485-3D3A-46A3-A46E-874618B18D68}.Debug|Any CPU.Build.0 = Debug|Any CPU
		{D5752485-3D3A-46A3-A46E-874618B18D68}.Release|Any CPU.ActiveCfg = Release|Any CPU
		{D5752485-3D3A-46A3-A46E-874618B18D68}.Release|Any CPU.Build.0 = Release|Any CPU
		{D49257AA-8241-4D17-BACF-9B3F594AB2F0}.Debug|Any CPU.ActiveCfg = Debug|Any CPU
		{D49257AA-8241-4D17-BACF-9B3F594AB2F0}.Debug|Any CPU.Build.0 = Debug|Any CPU
		{D49257AA-8241-4D17-BACF-9B3F594AB2F0}.Release|Any CPU.ActiveCfg = Release|Any CPU
		{D49257AA-8241-4D17-BACF-9B3F594AB2F0}.Release|Any CPU.Build.0 = Release|Any CPU
		{DD3393F5-9CC0-47D2-91F6-9E5B409C4B21}.Debug|Any CPU.ActiveCfg = Debug|Any CPU
		{DD3393F5-9CC0-47D2-91F6-9E5B409C4B21}.Debug|Any CPU.Build.0 = Debug|Any CPU
		{DD3393F5-9CC0-47D2-91F6-9E5B409C4B21}.Release|Any CPU.ActiveCfg = Release|Any CPU
		{DD3393F5-9CC0-47D2-91F6-9E5B409C4B21}.Release|Any CPU.Build.0 = Release|Any CPU
		{03A94A3A-04D0-4E66-8F75-624FD41E7B14}.Debug|Any CPU.ActiveCfg = Debug|Any CPU
		{03A94A3A-04D0-4E66-8F75-624FD41E7B14}.Debug|Any CPU.Build.0 = Debug|Any CPU
		{03A94A3A-04D0-4E66-8F75-624FD41E7B14}.Release|Any CPU.ActiveCfg = Release|Any CPU
		{03A94A3A-04D0-4E66-8F75-624FD41E7B14}.Release|Any CPU.Build.0 = Release|Any CPU
		{5B0AD139-FE2B-410C-9FE4-C7EE0CDF8F0D}.Debug|Any CPU.ActiveCfg = Debug|Any CPU
		{5B0AD139-FE2B-410C-9FE4-C7EE0CDF8F0D}.Debug|Any CPU.Build.0 = Debug|Any CPU
		{5B0AD139-FE2B-410C-9FE4-C7EE0CDF8F0D}.Release|Any CPU.ActiveCfg = Release|Any CPU
		{5B0AD139-FE2B-410C-9FE4-C7EE0CDF8F0D}.Release|Any CPU.Build.0 = Release|Any CPU
		{CC66A62F-CB65-4C86-B50B-FF5A9AD36C00}.Debug|Any CPU.ActiveCfg = Debug|Any CPU
		{CC66A62F-CB65-4C86-B50B-FF5A9AD36C00}.Debug|Any CPU.Build.0 = Debug|Any CPU
		{CC66A62F-CB65-4C86-B50B-FF5A9AD36C00}.Release|Any CPU.ActiveCfg = Release|Any CPU
		{CC66A62F-CB65-4C86-B50B-FF5A9AD36C00}.Release|Any CPU.Build.0 = Release|Any CPU
		{4F8A0D49-838C-4D88-B151-06ED408FD1A1}.Debug|Any CPU.ActiveCfg = Debug|Any CPU
		{4F8A0D49-838C-4D88-B151-06ED408FD1A1}.Debug|Any CPU.Build.0 = Debug|Any CPU
		{4F8A0D49-838C-4D88-B151-06ED408FD1A1}.Release|Any CPU.ActiveCfg = Release|Any CPU
		{4F8A0D49-838C-4D88-B151-06ED408FD1A1}.Release|Any CPU.Build.0 = Release|Any CPU
		{5232F2DF-E377-4FE9-81BF-96C000109453}.Debug|Any CPU.ActiveCfg = Debug|Any CPU
		{5232F2DF-E377-4FE9-81BF-96C000109453}.Debug|Any CPU.Build.0 = Debug|Any CPU
		{5232F2DF-E377-4FE9-81BF-96C000109453}.Release|Any CPU.ActiveCfg = Release|Any CPU
		{5232F2DF-E377-4FE9-81BF-96C000109453}.Release|Any CPU.Build.0 = Release|Any CPU
		{A85966CF-2DC6-4B88-8F11-C995D6ED52DA}.Debug|Any CPU.ActiveCfg = Debug|Any CPU
		{A85966CF-2DC6-4B88-8F11-C995D6ED52DA}.Debug|Any CPU.Build.0 = Debug|Any CPU
		{A85966CF-2DC6-4B88-8F11-C995D6ED52DA}.Release|Any CPU.ActiveCfg = Release|Any CPU
		{A85966CF-2DC6-4B88-8F11-C995D6ED52DA}.Release|Any CPU.Build.0 = Release|Any CPU
		{63DF76AA-D9A1-49C1-AA15-64EB6382B6E1}.Debug|Any CPU.ActiveCfg = Debug|Any CPU
		{63DF76AA-D9A1-49C1-AA15-64EB6382B6E1}.Debug|Any CPU.Build.0 = Debug|Any CPU
		{63DF76AA-D9A1-49C1-AA15-64EB6382B6E1}.Release|Any CPU.ActiveCfg = Release|Any CPU
		{63DF76AA-D9A1-49C1-AA15-64EB6382B6E1}.Release|Any CPU.Build.0 = Release|Any CPU
		{BAC69D6F-C190-4B98-ADC8-A9A8ACA41EF9}.Debug|Any CPU.ActiveCfg = Debug|Any CPU
		{BAC69D6F-C190-4B98-ADC8-A9A8ACA41EF9}.Debug|Any CPU.Build.0 = Debug|Any CPU
		{BAC69D6F-C190-4B98-ADC8-A9A8ACA41EF9}.Release|Any CPU.ActiveCfg = Release|Any CPU
		{BAC69D6F-C190-4B98-ADC8-A9A8ACA41EF9}.Release|Any CPU.Build.0 = Release|Any CPU
		{C01B694F-38DD-42B2-9EFB-AB5E632421E3}.Debug|Any CPU.ActiveCfg = Debug|Any CPU
		{C01B694F-38DD-42B2-9EFB-AB5E632421E3}.Debug|Any CPU.Build.0 = Debug|Any CPU
		{C01B694F-38DD-42B2-9EFB-AB5E632421E3}.Release|Any CPU.ActiveCfg = Release|Any CPU
		{C01B694F-38DD-42B2-9EFB-AB5E632421E3}.Release|Any CPU.Build.0 = Release|Any CPU
		{3A8E214B-D628-43C2-A5F0-6660A00A093E}.Debug|Any CPU.ActiveCfg = Debug|Any CPU
		{3A8E214B-D628-43C2-A5F0-6660A00A093E}.Debug|Any CPU.Build.0 = Debug|Any CPU
		{3A8E214B-D628-43C2-A5F0-6660A00A093E}.Release|Any CPU.ActiveCfg = Release|Any CPU
		{3A8E214B-D628-43C2-A5F0-6660A00A093E}.Release|Any CPU.Build.0 = Release|Any CPU
		{D56BCDFB-FB3E-44AB-B67A-5EA5B9B6DF4A}.Debug|Any CPU.ActiveCfg = Debug|Any CPU
		{D56BCDFB-FB3E-44AB-B67A-5EA5B9B6DF4A}.Debug|Any CPU.Build.0 = Debug|Any CPU
		{D56BCDFB-FB3E-44AB-B67A-5EA5B9B6DF4A}.Release|Any CPU.ActiveCfg = Release|Any CPU
		{D56BCDFB-FB3E-44AB-B67A-5EA5B9B6DF4A}.Release|Any CPU.Build.0 = Release|Any CPU
		{BC7554D0-43D6-45ED-AD88-03C0F315DBDA}.Debug|Any CPU.ActiveCfg = Debug|Any CPU
		{BC7554D0-43D6-45ED-AD88-03C0F315DBDA}.Debug|Any CPU.Build.0 = Debug|Any CPU
		{BC7554D0-43D6-45ED-AD88-03C0F315DBDA}.Release|Any CPU.ActiveCfg = Release|Any CPU
		{BC7554D0-43D6-45ED-AD88-03C0F315DBDA}.Release|Any CPU.Build.0 = Release|Any CPU
		{63E361E8-40EC-4174-A254-B4155B2BF58C}.Debug|Any CPU.ActiveCfg = Debug|Any CPU
		{63E361E8-40EC-4174-A254-B4155B2BF58C}.Debug|Any CPU.Build.0 = Debug|Any CPU
		{63E361E8-40EC-4174-A254-B4155B2BF58C}.Release|Any CPU.ActiveCfg = Release|Any CPU
		{63E361E8-40EC-4174-A254-B4155B2BF58C}.Release|Any CPU.Build.0 = Release|Any CPU
		{D802F55E-A9B9-4E76-86E2-6B58A55551A9}.Debug|Any CPU.ActiveCfg = Debug|Any CPU
		{D802F55E-A9B9-4E76-86E2-6B58A55551A9}.Debug|Any CPU.Build.0 = Debug|Any CPU
		{D802F55E-A9B9-4E76-86E2-6B58A55551A9}.Release|Any CPU.ActiveCfg = Release|Any CPU
		{D802F55E-A9B9-4E76-86E2-6B58A55551A9}.Release|Any CPU.Build.0 = Release|Any CPU
		{9506ABBF-DC6A-4224-A254-B3213B0F0B13}.Debug|Any CPU.ActiveCfg = Debug|Any CPU
		{9506ABBF-DC6A-4224-A254-B3213B0F0B13}.Debug|Any CPU.Build.0 = Debug|Any CPU
		{9506ABBF-DC6A-4224-A254-B3213B0F0B13}.Release|Any CPU.ActiveCfg = Release|Any CPU
		{9506ABBF-DC6A-4224-A254-B3213B0F0B13}.Release|Any CPU.Build.0 = Release|Any CPU
		{7301C1F3-A08E-422A-9906-02D6D1DCE32A}.Debug|Any CPU.ActiveCfg = Debug|Any CPU
		{7301C1F3-A08E-422A-9906-02D6D1DCE32A}.Debug|Any CPU.Build.0 = Debug|Any CPU
		{7301C1F3-A08E-422A-9906-02D6D1DCE32A}.Release|Any CPU.ActiveCfg = Release|Any CPU
		{7301C1F3-A08E-422A-9906-02D6D1DCE32A}.Release|Any CPU.Build.0 = Release|Any CPU
		{072A416D-436E-4655-976F-37DDF9348228}.Debug|Any CPU.ActiveCfg = Debug|Any CPU
		{072A416D-436E-4655-976F-37DDF9348228}.Debug|Any CPU.Build.0 = Debug|Any CPU
		{072A416D-436E-4655-976F-37DDF9348228}.Release|Any CPU.ActiveCfg = Release|Any CPU
		{072A416D-436E-4655-976F-37DDF9348228}.Release|Any CPU.Build.0 = Release|Any CPU
		{030CAA03-CE9A-4BC3-957C-B46BD2E8DA44}.Debug|Any CPU.ActiveCfg = Debug|Any CPU
		{030CAA03-CE9A-4BC3-957C-B46BD2E8DA44}.Debug|Any CPU.Build.0 = Debug|Any CPU
		{030CAA03-CE9A-4BC3-957C-B46BD2E8DA44}.Release|Any CPU.ActiveCfg = Release|Any CPU
		{030CAA03-CE9A-4BC3-957C-B46BD2E8DA44}.Release|Any CPU.Build.0 = Release|Any CPU
		{D4C5D9F5-6C66-46AB-A70F-9E20A9CECB57}.Debug|Any CPU.ActiveCfg = Debug|Any CPU
		{D4C5D9F5-6C66-46AB-A70F-9E20A9CECB57}.Debug|Any CPU.Build.0 = Debug|Any CPU
		{D4C5D9F5-6C66-46AB-A70F-9E20A9CECB57}.Release|Any CPU.ActiveCfg = Release|Any CPU
		{D4C5D9F5-6C66-46AB-A70F-9E20A9CECB57}.Release|Any CPU.Build.0 = Release|Any CPU
	EndGlobalSection
	GlobalSection(SolutionProperties) = preSolution
		HideSolutionNode = FALSE
	EndGlobalSection
	GlobalSection(ExtensibilityGlobals) = postSolution
		SolutionGuid = {8E01E50F-C560-4999-B4C4-CC7FEBF4F211}
	EndGlobalSection
EndGlobal
