
Microsoft Visual Studio Solution File, Format Version 12.00
# Visual Studio 15
VisualStudioVersion = 15.0.28307.779
MinimumVisualStudioVersion = 10.0.40219.1
Project("{FAE04EC0-301F-11D3-BF4B-00C04F79EFBC}") = "NO.074_数组下标标杆值", "NO.074_数组下标标杆值\NO.074_数组下标标杆值.csproj", "{CCFC6787-1425-4512-8F04-67ADC2CBE52A}"
EndProject
Global
	GlobalSection(SolutionConfigurationPlatforms) = preSolution
		Debug|Any CPU = Debug|Any CPU
		Release|Any CPU = Release|Any CPU
	EndGlobalSection
	GlobalSection(ProjectConfigurationPlatforms) = postSolution
		{CCFC6787-1425-4512-8F04-67ADC2CBE52A}.Debug|Any CPU.ActiveCfg = Debug|Any CPU
		{CCFC6787-1425-4512-8F04-67ADC2CBE52A}.Debug|Any CPU.Build.0 = Debug|Any CPU
		{CCFC6787-1425-4512-8F04-67ADC2CBE52A}.Release|Any CPU.ActiveCfg = Release|Any CPU
		{CCFC6787-1425-4512-8F04-67ADC2CBE52A}.Release|Any CPU.Build.0 = Release|Any CPU
	EndGlobalSection
	GlobalSection(SolutionProperties) = preSolution
		HideSolutionNode = FALSE
	EndGlobalSection
	GlobalSection(ExtensibilityGlobals) = postSolution
		SolutionGuid = {3CD13EBF-B318-4A3C-B14F-24F5AEA20589}
	EndGlobalSection
EndGlobal
