
Microsoft Visual Studio Solution File, Format Version 12.00
# Visual Studio 15
VisualStudioVersion = 15.0.28307.779
MinimumVisualStudioVersion = 10.0.40219.1
Project("{FAE04EC0-301F-11D3-BF4B-00C04F79EFBC}") = "NO.105_字符串价值", "NO.105_字符串价值\NO.105_字符串价值.csproj", "{9C75024D-1368-483B-BC25-2C54F5B7F554}"
EndProject
Global
	GlobalSection(SolutionConfigurationPlatforms) = preSolution
		Debug|Any CPU = Debug|Any CPU
		Release|Any CPU = Release|Any CPU
	EndGlobalSection
	GlobalSection(ProjectConfigurationPlatforms) = postSolution
		{9C75024D-1368-483B-BC25-2C54F5B7F554}.Debug|Any CPU.ActiveCfg = Debug|Any CPU
		{9C75024D-1368-483B-BC25-2C54F5B7F554}.Debug|Any CPU.Build.0 = Debug|Any CPU
		{9C75024D-1368-483B-BC25-2C54F5B7F554}.Release|Any CPU.ActiveCfg = Release|Any CPU
		{9C75024D-1368-483B-BC25-2C54F5B7F554}.Release|Any CPU.Build.0 = Release|Any CPU
	EndGlobalSection
	GlobalSection(SolutionProperties) = preSolution
		HideSolutionNode = FALSE
	EndGlobalSection
	GlobalSection(ExtensibilityGlobals) = postSolution
		SolutionGuid = {1DD936DD-000D-4904-BF90-6F110509AE16}
	EndGlobalSection
EndGlobal
