
Microsoft Visual Studio Solution File, Format Version 12.00
# Visual Studio 15
VisualStudioVersion = 15.0.28307.779
MinimumVisualStudioVersion = 10.0.40219.1
Project("{FAE04EC0-301F-11D3-BF4B-00C04F79EFBC}") = "NO.071_查找数字", "NO.071_查找数字\NO.071_查找数字.csproj", "{0BB008C0-6C76-420B-AF9E-0AE8C170BDD1}"
EndProject
Global
	GlobalSection(SolutionConfigurationPlatforms) = preSolution
		Debug|Any CPU = Debug|Any CPU
		Release|Any CPU = Release|Any CPU
	EndGlobalSection
	GlobalSection(ProjectConfigurationPlatforms) = postSolution
		{0BB008C0-6C76-420B-AF9E-0AE8C170BDD1}.Debug|Any CPU.ActiveCfg = Debug|Any CPU
		{0BB008C0-6C76-420B-AF9E-0AE8C170BDD1}.Debug|Any CPU.Build.0 = Debug|Any CPU
		{0BB008C0-6C76-420B-AF9E-0AE8C170BDD1}.Release|Any CPU.ActiveCfg = Release|Any CPU
		{0BB008C0-6C76-420B-AF9E-0AE8C170BDD1}.Release|Any CPU.Build.0 = Release|Any CPU
	EndGlobalSection
	GlobalSection(SolutionProperties) = preSolution
		HideSolutionNode = FALSE
	EndGlobalSection
	GlobalSection(ExtensibilityGlobals) = postSolution
		SolutionGuid = {EACD91C6-0E58-4270-A7AC-36BC31CC0DB8}
	EndGlobalSection
EndGlobal
