
Microsoft Visual Studio Solution File, Format Version 12.00
# Visual Studio 15
VisualStudioVersion = 15.0.28307.779
MinimumVisualStudioVersion = 10.0.40219.1
Project("{FAE04EC0-301F-11D3-BF4B-00C04F79EFBC}") = "NO.043_重叠的装饰", "NO.043_重叠的装饰\NO.043_重叠的装饰.csproj", "{B042D9C9-200F-4572-B519-636B53117286}"
EndProject
Global
	GlobalSection(SolutionConfigurationPlatforms) = preSolution
		Debug|Any CPU = Debug|Any CPU
		Release|Any CPU = Release|Any CPU
	EndGlobalSection
	GlobalSection(ProjectConfigurationPlatforms) = postSolution
		{B042D9C9-200F-4572-B519-636B53117286}.Debug|Any CPU.ActiveCfg = Debug|Any CPU
		{B042D9C9-200F-4572-B519-636B53117286}.Debug|Any CPU.Build.0 = Debug|Any CPU
		{B042D9C9-200F-4572-B519-636B53117286}.Release|Any CPU.ActiveCfg = Release|Any CPU
		{B042D9C9-200F-4572-B519-636B53117286}.Release|Any CPU.Build.0 = Release|Any CPU
	EndGlobalSection
	GlobalSection(SolutionProperties) = preSolution
		HideSolutionNode = FALSE
	EndGlobalSection
	GlobalSection(ExtensibilityGlobals) = postSolution
		SolutionGuid = {3056F19F-EF33-453F-AB0E-24232754D4B2}
	EndGlobalSection
EndGlobal
