
Microsoft Visual Studio Solution File, Format Version 12.00
# Visual Studio 15
VisualStudioVersion = 15.0.28307.779
MinimumVisualStudioVersion = 10.0.40219.1
Project("{FAE04EC0-301F-11D3-BF4B-00C04F79EFBC}") = "NO.068_ipv4地址白名单", "NO.068_ipv4地址白名单\NO.068_ipv4地址白名单.csproj", "{310D6C74-A843-47B5-96B4-BCF4208FAB6A}"
EndProject
Global
	GlobalSection(SolutionConfigurationPlatforms) = preSolution
		Debug|Any CPU = Debug|Any CPU
		Release|Any CPU = Release|Any CPU
	EndGlobalSection
	GlobalSection(ProjectConfigurationPlatforms) = postSolution
		{310D6C74-A843-47B5-96B4-BCF4208FAB6A}.Debug|Any CPU.ActiveCfg = Debug|Any CPU
		{310D6C74-A843-47B5-96B4-BCF4208FAB6A}.Debug|Any CPU.Build.0 = Debug|Any CPU
		{310D6C74-A843-47B5-96B4-BCF4208FAB6A}.Release|Any CPU.ActiveCfg = Release|Any CPU
		{310D6C74-A843-47B5-96B4-BCF4208FAB6A}.Release|Any CPU.Build.0 = Release|Any CPU
	EndGlobalSection
	GlobalSection(SolutionProperties) = preSolution
		HideSolutionNode = FALSE
	EndGlobalSection
	GlobalSection(ExtensibilityGlobals) = postSolution
		SolutionGuid = {1CB0B870-036F-4D2E-9454-980F0F26318A}
	EndGlobalSection
EndGlobal
