
Microsoft Visual Studio Solution File, Format Version 12.00
# Visual Studio 15
VisualStudioVersion = 15.0.28307.705
MinimumVisualStudioVersion = 10.0.40219.1
Project("{FAE04EC0-301F-11D3-BF4B-00C04F79EFBC}") = "奇偶数整理位置", "奇偶数整理位置\奇偶数整理位置.csproj", "{70840785-42DE-4A59-9848-DDB44F4CA394}"
EndProject
Global
	GlobalSection(SolutionConfigurationPlatforms) = preSolution
		Debug|Any CPU = Debug|Any CPU
		Release|Any CPU = Release|Any CPU
	EndGlobalSection
	GlobalSection(ProjectConfigurationPlatforms) = postSolution
		{70840785-42DE-4A59-9848-DDB44F4CA394}.Debug|Any CPU.ActiveCfg = Debug|Any CPU
		{70840785-42DE-4A59-9848-DDB44F4CA394}.Debug|Any CPU.Build.0 = Debug|Any CPU
		{70840785-42DE-4A59-9848-DDB44F4CA394}.Release|Any CPU.ActiveCfg = Release|Any CPU
		{70840785-42DE-4A59-9848-DDB44F4CA394}.Release|Any CPU.Build.0 = Release|Any CPU
	EndGlobalSection
	GlobalSection(SolutionProperties) = preSolution
		HideSolutionNode = FALSE
	EndGlobalSection
	GlobalSection(ExtensibilityGlobals) = postSolution
		SolutionGuid = {378D72D8-99B3-4768-BF5E-15A541D0544C}
	EndGlobalSection
EndGlobal
