
Microsoft Visual Studio Solution File, Format Version 12.00
# Visual Studio 15
VisualStudioVersion = 15.0.28307.779
MinimumVisualStudioVersion = 10.0.40219.1
Project("{FAE04EC0-301F-11D3-BF4B-00C04F79EFBC}") = "NO.017_将满二叉树转换为求和树", "NO.017_将满二叉树转换为求和树\NO.017_将满二叉树转换为求和树.csproj", "{240210D0-C9A8-4E92-9C91-0C822384C5C3}"
EndProject
Global
	GlobalSection(SolutionConfigurationPlatforms) = preSolution
		Debug|Any CPU = Debug|Any CPU
		Release|Any CPU = Release|Any CPU
	EndGlobalSection
	GlobalSection(ProjectConfigurationPlatforms) = postSolution
		{240210D0-C9A8-4E92-9C91-0C822384C5C3}.Debug|Any CPU.ActiveCfg = Debug|Any CPU
		{240210D0-C9A8-4E92-9C91-0C822384C5C3}.Debug|Any CPU.Build.0 = Debug|Any CPU
		{240210D0-C9A8-4E92-9C91-0C822384C5C3}.Release|Any CPU.ActiveCfg = Release|Any CPU
		{240210D0-C9A8-4E92-9C91-0C822384C5C3}.Release|Any CPU.Build.0 = Release|Any CPU
	EndGlobalSection
	GlobalSection(SolutionProperties) = preSolution
		HideSolutionNode = FALSE
	EndGlobalSection
	GlobalSection(ExtensibilityGlobals) = postSolution
		SolutionGuid = {7C20FC66-2E76-4157-B609-2130115D02DE}
	EndGlobalSection
EndGlobal
