
Microsoft Visual Studio Solution File, Format Version 12.00
# Visual Studio 15
VisualStudioVersion = 15.0.28307.779
MinimumVisualStudioVersion = 10.0.40219.1
Project("{FAE04EC0-301F-11D3-BF4B-00C04F79EFBC}") = "NO.090_六一儿童节", "NO.090_六一儿童节\NO.090_六一儿童节.csproj", "{033F7AED-8618-4AE0-8561-271E20898680}"
EndProject
Global
	GlobalSection(SolutionConfigurationPlatforms) = preSolution
		Debug|Any CPU = Debug|Any CPU
		Release|Any CPU = Release|Any CPU
	EndGlobalSection
	GlobalSection(ProjectConfigurationPlatforms) = postSolution
		{033F7AED-8618-4AE0-8561-271E20898680}.Debug|Any CPU.ActiveCfg = Debug|Any CPU
		{033F7AED-8618-4AE0-8561-271E20898680}.Debug|Any CPU.Build.0 = Debug|Any CPU
		{033F7AED-8618-4AE0-8561-271E20898680}.Release|Any CPU.ActiveCfg = Release|Any CPU
		{033F7AED-8618-4AE0-8561-271E20898680}.Release|Any CPU.Build.0 = Release|Any CPU
	EndGlobalSection
	GlobalSection(SolutionProperties) = preSolution
		HideSolutionNode = FALSE
	EndGlobalSection
	GlobalSection(ExtensibilityGlobals) = postSolution
		SolutionGuid = {67CAE2BF-01EB-4D6C-98EE-7E1F16D7FF84}
	EndGlobalSection
EndGlobal
