
Microsoft Visual Studio Solution File, Format Version 12.00
# Visual Studio 15
VisualStudioVersion = 15.0.28307.779
MinimumVisualStudioVersion = 10.0.40219.1
Project("{FAE04EC0-301F-11D3-BF4B-00C04F79EFBC}") = "NO.047_输出指定长度子串", "NO.047_输出指定长度子串\NO.047_输出指定长度子串.csproj", "{EC84BB84-E260-47D6-8EEA-8161635C3B89}"
EndProject
Global
	GlobalSection(SolutionConfigurationPlatforms) = preSolution
		Debug|Any CPU = Debug|Any CPU
		Release|Any CPU = Release|Any CPU
	EndGlobalSection
	GlobalSection(ProjectConfigurationPlatforms) = postSolution
		{EC84BB84-E260-47D6-8EEA-8161635C3B89}.Debug|Any CPU.ActiveCfg = Debug|Any CPU
		{EC84BB84-E260-47D6-8EEA-8161635C3B89}.Debug|Any CPU.Build.0 = Debug|Any CPU
		{EC84BB84-E260-47D6-8EEA-8161635C3B89}.Release|Any CPU.ActiveCfg = Release|Any CPU
		{EC84BB84-E260-47D6-8EEA-8161635C3B89}.Release|Any CPU.Build.0 = Release|Any CPU
	EndGlobalSection
	GlobalSection(SolutionProperties) = preSolution
		HideSolutionNode = FALSE
	EndGlobalSection
	GlobalSection(ExtensibilityGlobals) = postSolution
		SolutionGuid = {CEC347DA-FB83-4129-879D-4B2493834559}
	EndGlobalSection
EndGlobal
