
Microsoft Visual Studio Solution File, Format Version 12.00
# Visual Studio 15
VisualStudioVersion = 15.0.28307.705
MinimumVisualStudioVersion = 10.0.40219.1
Project("{FAE04EC0-301F-11D3-BF4B-00C04F79EFBC}") = "链表倒数第K个节点", "链表倒数第K个节点\链表倒数第K个节点.csproj", "{A90ECAE3-C693-47EE-8976-542391196BC8}"
EndProject
Global
	GlobalSection(SolutionConfigurationPlatforms) = preSolution
		Debug|Any CPU = Debug|Any CPU
		Release|Any CPU = Release|Any CPU
	EndGlobalSection
	GlobalSection(ProjectConfigurationPlatforms) = postSolution
		{A90ECAE3-C693-47EE-8976-542391196BC8}.Debug|Any CPU.ActiveCfg = Debug|Any CPU
		{A90ECAE3-C693-47EE-8976-542391196BC8}.Debug|Any CPU.Build.0 = Debug|Any CPU
		{A90ECAE3-C693-47EE-8976-542391196BC8}.Release|Any CPU.ActiveCfg = Release|Any CPU
		{A90ECAE3-C693-47EE-8976-542391196BC8}.Release|Any CPU.Build.0 = Release|Any CPU
	EndGlobalSection
	GlobalSection(SolutionProperties) = preSolution
		HideSolutionNode = FALSE
	EndGlobalSection
	GlobalSection(ExtensibilityGlobals) = postSolution
		SolutionGuid = {C9D0E8D9-004D-4FC9-ADB2-6AFE2603805F}
	EndGlobalSection
EndGlobal
