
Microsoft Visual Studio Solution File, Format Version 12.00
# Visual Studio 15
VisualStudioVersion = 15.0.28307.705
MinimumVisualStudioVersion = 10.0.40219.1
Project("{FAE04EC0-301F-11D3-BF4B-00C04F79EFBC}") = "NO.23_二叉搜索树的后序遍历序列", "NO.23_二叉搜索树的后序遍历序列\NO.23_二叉搜索树的后序遍历序列.csproj", "{29A73DAE-D1EF-44DE-9AE0-BEECB21FE2D0}"
EndProject
Global
	GlobalSection(SolutionConfigurationPlatforms) = preSolution
		Debug|Any CPU = Debug|Any CPU
		Release|Any CPU = Release|Any CPU
	EndGlobalSection
	GlobalSection(ProjectConfigurationPlatforms) = postSolution
		{29A73DAE-D1EF-44DE-9AE0-BEECB21FE2D0}.Debug|Any CPU.ActiveCfg = Debug|Any CPU
		{29A73DAE-D1EF-44DE-9AE0-BEECB21FE2D0}.Debug|Any CPU.Build.0 = Debug|Any CPU
		{29A73DAE-D1EF-44DE-9AE0-BEECB21FE2D0}.Release|Any CPU.ActiveCfg = Release|Any CPU
		{29A73DAE-D1EF-44DE-9AE0-BEECB21FE2D0}.Release|Any CPU.Build.0 = Release|Any CPU
	EndGlobalSection
	GlobalSection(SolutionProperties) = preSolution
		HideSolutionNode = FALSE
	EndGlobalSection
	GlobalSection(ExtensibilityGlobals) = postSolution
		SolutionGuid = {C1BD49A8-61DD-4D0A-8308-BD400C8F168F}
	EndGlobalSection
EndGlobal
