
Microsoft Visual Studio Solution File, Format Version 12.00
# Visual Studio 15
VisualStudioVersion = 15.0.28307.705
MinimumVisualStudioVersion = 10.0.40219.1
Project("{FAE04EC0-301F-11D3-BF4B-00C04F79EFBC}") = "NO.004_迷路的牛牛", "NO.004_迷路的牛牛\NO.004_迷路的牛牛.csproj", "{6C40FA3D-765F-4E03-9535-644F4C415C1F}"
EndProject
Global
	GlobalSection(SolutionConfigurationPlatforms) = preSolution
		Debug|Any CPU = Debug|Any CPU
		Release|Any CPU = Release|Any CPU
	EndGlobalSection
	GlobalSection(ProjectConfigurationPlatforms) = postSolution
		{6C40FA3D-765F-4E03-9535-644F4C415C1F}.Debug|Any CPU.ActiveCfg = Debug|Any CPU
		{6C40FA3D-765F-4E03-9535-644F4C415C1F}.Debug|Any CPU.Build.0 = Debug|Any CPU
		{6C40FA3D-765F-4E03-9535-644F4C415C1F}.Release|Any CPU.ActiveCfg = Release|Any CPU
		{6C40FA3D-765F-4E03-9535-644F4C415C1F}.Release|Any CPU.Build.0 = Release|Any CPU
	EndGlobalSection
	GlobalSection(SolutionProperties) = preSolution
		HideSolutionNode = FALSE
	EndGlobalSection
	GlobalSection(ExtensibilityGlobals) = postSolution
		SolutionGuid = {8211C1E9-8AE9-4739-9E65-23ACE8165F7F}
	EndGlobalSection
EndGlobal
