
Microsoft Visual Studio Solution File, Format Version 12.00
# Visual Studio 15
VisualStudioVersion = 15.0.28307.779
MinimumVisualStudioVersion = 10.0.40219.1
Project("{FAE04EC0-301F-11D3-BF4B-00C04F79EFBC}") = "NO.18_搭积木", "NO.18_搭积木\NO.18_搭积木.csproj", "{D88442F7-4188-4B14-8E54-DADD1F74FDAD}"
EndProject
Global
	GlobalSection(SolutionConfigurationPlatforms) = preSolution
		Debug|Any CPU = Debug|Any CPU
		Release|Any CPU = Release|Any CPU
	EndGlobalSection
	GlobalSection(ProjectConfigurationPlatforms) = postSolution
		{D88442F7-4188-4B14-8E54-DADD1F74FDAD}.Debug|Any CPU.ActiveCfg = Debug|Any CPU
		{D88442F7-4188-4B14-8E54-DADD1F74FDAD}.Debug|Any CPU.Build.0 = Debug|Any CPU
		{D88442F7-4188-4B14-8E54-DADD1F74FDAD}.Release|Any CPU.ActiveCfg = Release|Any CPU
		{D88442F7-4188-4B14-8E54-DADD1F74FDAD}.Release|Any CPU.Build.0 = Release|Any CPU
	EndGlobalSection
	GlobalSection(SolutionProperties) = preSolution
		HideSolutionNode = FALSE
	EndGlobalSection
	GlobalSection(ExtensibilityGlobals) = postSolution
		SolutionGuid = {6B1565CB-71D3-41E7-B567-FB6676E13A43}
	EndGlobalSection
EndGlobal
