
Microsoft Visual Studio Solution File, Format Version 12.00
# Visual Studio 15
VisualStudioVersion = 15.0.28307.779
MinimumVisualStudioVersion = 10.0.40219.1
Project("{FAE04EC0-301F-11D3-BF4B-00C04F79EFBC}") = "NO.061_字符串相乘", "NO.061_字符串相乘\NO.061_字符串相乘.csproj", "{E08A51DD-651B-48EC-8827-1018383CD187}"
EndProject
Global
	GlobalSection(SolutionConfigurationPlatforms) = preSolution
		Debug|Any CPU = Debug|Any CPU
		Release|Any CPU = Release|Any CPU
	EndGlobalSection
	GlobalSection(ProjectConfigurationPlatforms) = postSolution
		{E08A51DD-651B-48EC-8827-1018383CD187}.Debug|Any CPU.ActiveCfg = Debug|Any CPU
		{E08A51DD-651B-48EC-8827-1018383CD187}.Debug|Any CPU.Build.0 = Debug|Any CPU
		{E08A51DD-651B-48EC-8827-1018383CD187}.Release|Any CPU.ActiveCfg = Release|Any CPU
		{E08A51DD-651B-48EC-8827-1018383CD187}.Release|Any CPU.Build.0 = Release|Any CPU
	EndGlobalSection
	GlobalSection(SolutionProperties) = preSolution
		HideSolutionNode = FALSE
	EndGlobalSection
	GlobalSection(ExtensibilityGlobals) = postSolution
		SolutionGuid = {70045CD6-8FC1-4ED1-9A52-1D95438A6207}
	EndGlobalSection
EndGlobal
