
Microsoft Visual Studio Solution File, Format Version 12.00
# Visual Studio 15
VisualStudioVersion = 15.0.28307.852
MinimumVisualStudioVersion = 10.0.40219.1
Project("{FAE04EC0-301F-11D3-BF4B-00C04F79EFBC}") = "NO.116_回合制游戏", "NO.116_回合制游戏\NO.116_回合制游戏.csproj", "{31C12B59-7587-4CEF-8449-5D2588780869}"
EndProject
Global
	GlobalSection(SolutionConfigurationPlatforms) = preSolution
		Debug|Any CPU = Debug|Any CPU
		Release|Any CPU = Release|Any CPU
	EndGlobalSection
	GlobalSection(ProjectConfigurationPlatforms) = postSolution
		{31C12B59-7587-4CEF-8449-5D2588780869}.Debug|Any CPU.ActiveCfg = Debug|Any CPU
		{31C12B59-7587-4CEF-8449-5D2588780869}.Debug|Any CPU.Build.0 = Debug|Any CPU
		{31C12B59-7587-4CEF-8449-5D2588780869}.Release|Any CPU.ActiveCfg = Release|Any CPU
		{31C12B59-7587-4CEF-8449-5D2588780869}.Release|Any CPU.Build.0 = Release|Any CPU
	EndGlobalSection
	GlobalSection(SolutionProperties) = preSolution
		HideSolutionNode = FALSE
	EndGlobalSection
	GlobalSection(ExtensibilityGlobals) = postSolution
		SolutionGuid = {683CB639-AFB0-4C55-A55A-AC2F94C858FF}
	EndGlobalSection
EndGlobal
