
Microsoft Visual Studio Solution File, Format Version 12.00
# Visual Studio 15
VisualStudioVersion = 15.0.28307.852
MinimumVisualStudioVersion = 10.0.40219.1
Project("{FAE04EC0-301F-11D3-BF4B-00C04F79EFBC}") = "乐易网络笔试题", "乐易网络笔试题\乐易网络笔试题.csproj", "{E012EFCF-7AA0-45C2-BA2D-25BDA620C577}"
EndProject
Global
	GlobalSection(SolutionConfigurationPlatforms) = preSolution
		Debug|Any CPU = Debug|Any CPU
		Release|Any CPU = Release|Any CPU
	EndGlobalSection
	GlobalSection(ProjectConfigurationPlatforms) = postSolution
		{E012EFCF-7AA0-45C2-BA2D-25BDA620C577}.Debug|Any CPU.ActiveCfg = Debug|Any CPU
		{E012EFCF-7AA0-45C2-BA2D-25BDA620C577}.Debug|Any CPU.Build.0 = Debug|Any CPU
		{E012EFCF-7AA0-45C2-BA2D-25BDA620C577}.Release|Any CPU.ActiveCfg = Release|Any CPU
		{E012EFCF-7AA0-45C2-BA2D-25BDA620C577}.Release|Any CPU.Build.0 = Release|Any CPU
	EndGlobalSection
	GlobalSection(SolutionProperties) = preSolution
		HideSolutionNode = FALSE
	EndGlobalSection
	GlobalSection(ExtensibilityGlobals) = postSolution
		SolutionGuid = {E0BD7303-B522-497C-B22C-346FE712B260}
	EndGlobalSection
EndGlobal
