
Microsoft Visual Studio Solution File, Format Version 12.00
# Visual Studio 15
VisualStudioVersion = 15.0.28307.705
MinimumVisualStudioVersion = 10.0.40219.1
Project("{FAE04EC0-301F-11D3-BF4B-00C04F79EFBC}") = "包含min函数的栈", "包含min函数的栈\包含min函数的栈.csproj", "{8ECCA007-C4CB-4DBA-9EFF-A3822FF329EC}"
EndProject
Global
	GlobalSection(SolutionConfigurationPlatforms) = preSolution
		Debug|Any CPU = Debug|Any CPU
		Release|Any CPU = Release|Any CPU
	EndGlobalSection
	GlobalSection(ProjectConfigurationPlatforms) = postSolution
		{8ECCA007-C4CB-4DBA-9EFF-A3822FF329EC}.Debug|Any CPU.ActiveCfg = Debug|Any CPU
		{8ECCA007-C4CB-4DBA-9EFF-A3822FF329EC}.Debug|Any CPU.Build.0 = Debug|Any CPU
		{8ECCA007-C4CB-4DBA-9EFF-A3822FF329EC}.Release|Any CPU.ActiveCfg = Release|Any CPU
		{8ECCA007-C4CB-4DBA-9EFF-A3822FF329EC}.Release|Any CPU.Build.0 = Release|Any CPU
	EndGlobalSection
	GlobalSection(SolutionProperties) = preSolution
		HideSolutionNode = FALSE
	EndGlobalSection
	GlobalSection(ExtensibilityGlobals) = postSolution
		SolutionGuid = {6EEC61C5-AEA4-4BFC-96F2-0EE641019358}
	EndGlobalSection
EndGlobal
