
Microsoft Visual Studio Solution File, Format Version 12.00
# Visual Studio 15
VisualStudioVersion = 15.0.28307.779
MinimumVisualStudioVersion = 10.0.40219.1
Project("{FAE04EC0-301F-11D3-BF4B-00C04F79EFBC}") = "NO.099_DNA序列", "NO.099_DNA序列\NO.099_DNA序列.csproj", "{890D3107-6985-4B9F-B9F4-833DD009D7A8}"
EndProject
Global
	GlobalSection(SolutionConfigurationPlatforms) = preSolution
		Debug|Any CPU = Debug|Any CPU
		Release|Any CPU = Release|Any CPU
	EndGlobalSection
	GlobalSection(ProjectConfigurationPlatforms) = postSolution
		{890D3107-6985-4B9F-B9F4-833DD009D7A8}.Debug|Any CPU.ActiveCfg = Debug|Any CPU
		{890D3107-6985-4B9F-B9F4-833DD009D7A8}.Debug|Any CPU.Build.0 = Debug|Any CPU
		{890D3107-6985-4B9F-B9F4-833DD009D7A8}.Release|Any CPU.ActiveCfg = Release|Any CPU
		{890D3107-6985-4B9F-B9F4-833DD009D7A8}.Release|Any CPU.Build.0 = Release|Any CPU
	EndGlobalSection
	GlobalSection(SolutionProperties) = preSolution
		HideSolutionNode = FALSE
	EndGlobalSection
	GlobalSection(ExtensibilityGlobals) = postSolution
		SolutionGuid = {6230EB0E-2B76-4EF8-A6C5-ED232C057B00}
	EndGlobalSection
EndGlobal
