
Microsoft Visual Studio Solution File, Format Version 12.00
# Visual Studio 15
VisualStudioVersion = 15.0.28307.779
MinimumVisualStudioVersion = 10.0.40219.1
Project("{FAE04EC0-301F-11D3-BF4B-00C04F79EFBC}") = "NO.106_4399笔试", "NO.106_4399笔试\NO.106_4399笔试.csproj", "{DC63B3C5-0FE2-4C3D-9469-F38A54C6DE34}"
EndProject
Global
	GlobalSection(SolutionConfigurationPlatforms) = preSolution
		Debug|Any CPU = Debug|Any CPU
		Release|Any CPU = Release|Any CPU
	EndGlobalSection
	GlobalSection(ProjectConfigurationPlatforms) = postSolution
		{DC63B3C5-0FE2-4C3D-9469-F38A54C6DE34}.Debug|Any CPU.ActiveCfg = Debug|Any CPU
		{DC63B3C5-0FE2-4C3D-9469-F38A54C6DE34}.Debug|Any CPU.Build.0 = Debug|Any CPU
		{DC63B3C5-0FE2-4C3D-9469-F38A54C6DE34}.Release|Any CPU.ActiveCfg = Release|Any CPU
		{DC63B3C5-0FE2-4C3D-9469-F38A54C6DE34}.Release|Any CPU.Build.0 = Release|Any CPU
	EndGlobalSection
	GlobalSection(SolutionProperties) = preSolution
		HideSolutionNode = FALSE
	EndGlobalSection
	GlobalSection(ExtensibilityGlobals) = postSolution
		SolutionGuid = {0DE04C72-0C99-4CEB-AD90-049746AAC299}
	EndGlobalSection
EndGlobal
