
Microsoft Visual Studio Solution File, Format Version 12.00
Project("{FAE04EC0-301F-11D3-BF4B-00C04F79EFBC}") = "DeleteDuplicateContent", "DeleteDuplicateContent\DeleteDuplicateContent.csproj", "{29DF6672-36BF-4A6B-BAE5-68FF4ECA9C52}"
EndProject
Global
	GlobalSection(SolutionConfigurationPlatforms) = preSolution
		Debug|Any CPU = Debug|Any CPU
		Release|Any CPU = Release|Any CPU
	EndGlobalSection
	GlobalSection(ProjectConfigurationPlatforms) = postSolution
		{29DF6672-36BF-4A6B-BAE5-68FF4ECA9C52}.Debug|Any CPU.ActiveCfg = Debug|Any CPU
		{29DF6672-36BF-4A6B-BAE5-68FF4ECA9C52}.Debug|Any CPU.Build.0 = Debug|Any CPU
		{29DF6672-36BF-4A6B-BAE5-68FF4ECA9C52}.Release|Any CPU.ActiveCfg = Release|Any CPU
		{29DF6672-36BF-4A6B-BAE5-68FF4ECA9C52}.Release|Any CPU.Build.0 = Release|Any CPU
	EndGlobalSection
EndGlobal
