
Microsoft Visual Studio Solution File, Format Version 12.00
# Visual Studio 15
VisualStudioVersion = 15.0.28307.779
MinimumVisualStudioVersion = 10.0.40219.1
Project("{FAE04EC0-301F-11D3-BF4B-00C04F79EFBC}") = "NO.085_最小栈", "NO.085_最小栈\NO.085_最小栈.csproj", "{953B2ABD-D047-4B88-A4A8-480219B1C7CC}"
EndProject
Global
	GlobalSection(SolutionConfigurationPlatforms) = preSolution
		Debug|Any CPU = Debug|Any CPU
		Release|Any CPU = Release|Any CPU
	EndGlobalSection
	GlobalSection(ProjectConfigurationPlatforms) = postSolution
		{953B2ABD-D047-4B88-A4A8-480219B1C7CC}.Debug|Any CPU.ActiveCfg = Debug|Any CPU
		{953B2ABD-D047-4B88-A4A8-480219B1C7CC}.Debug|Any CPU.Build.0 = Debug|Any CPU
		{953B2ABD-D047-4B88-A4A8-480219B1C7CC}.Release|Any CPU.ActiveCfg = Release|Any CPU
		{953B2ABD-D047-4B88-A4A8-480219B1C7CC}.Release|Any CPU.Build.0 = Release|Any CPU
	EndGlobalSection
	GlobalSection(SolutionProperties) = preSolution
		HideSolutionNode = FALSE
	EndGlobalSection
	GlobalSection(ExtensibilityGlobals) = postSolution
		SolutionGuid = {1DAE36FE-5EC0-418A-9022-1A101EA36861}
	EndGlobalSection
EndGlobal
