
Microsoft Visual Studio Solution File, Format Version 12.00
# Visual Studio 15
VisualStudioVersion = 15.0.28307.852
MinimumVisualStudioVersion = 10.0.40219.1
Project("{FAE04EC0-301F-11D3-BF4B-00C04F79EFBC}") = "NO.021_回文链表", "NO.021_回文链表\NO.021_回文链表.csproj", "{A44BC2E6-791B-4553-9C93-2204CB0BF508}"
EndProject
Global
	GlobalSection(SolutionConfigurationPlatforms) = preSolution
		Debug|Any CPU = Debug|Any CPU
		Release|Any CPU = Release|Any CPU
	EndGlobalSection
	GlobalSection(ProjectConfigurationPlatforms) = postSolution
		{A44BC2E6-791B-4553-9C93-2204CB0BF508}.Debug|Any CPU.ActiveCfg = Debug|Any CPU
		{A44BC2E6-791B-4553-9C93-2204CB0BF508}.Debug|Any CPU.Build.0 = Debug|Any CPU
		{A44BC2E6-791B-4553-9C93-2204CB0BF508}.Release|Any CPU.ActiveCfg = Release|Any CPU
		{A44BC2E6-791B-4553-9C93-2204CB0BF508}.Release|Any CPU.Build.0 = Release|Any CPU
	EndGlobalSection
	GlobalSection(SolutionProperties) = preSolution
		HideSolutionNode = FALSE
	EndGlobalSection
	GlobalSection(ExtensibilityGlobals) = postSolution
		SolutionGuid = {617471A6-3DC4-4128-B743-2FF19344489D}
	EndGlobalSection
EndGlobal
