
Microsoft Visual Studio Solution File, Format Version 12.00
# Visual Studio 15
VisualStudioVersion = 15.0.28307.705
MinimumVisualStudioVersion = 10.0.40219.1
Project("{FAE04EC0-301F-11D3-BF4B-00C04F79EFBC}") = "Gather", "Gather\Gather.csproj", "{5E3546DC-4F75-4F3A-81E5-06DCE0AA2607}"
EndProject
Global
	GlobalSection(SolutionConfigurationPlatforms) = preSolution
		Debug|Any CPU = Debug|Any CPU
		Release|Any CPU = Release|Any CPU
	EndGlobalSection
	GlobalSection(ProjectConfigurationPlatforms) = postSolution
		{5E3546DC-4F75-4F3A-81E5-06DCE0AA2607}.Debug|Any CPU.ActiveCfg = Debug|Any CPU
		{5E3546DC-4F75-4F3A-81E5-06DCE0AA2607}.Debug|Any CPU.Build.0 = Debug|Any CPU
		{5E3546DC-4F75-4F3A-81E5-06DCE0AA2607}.Release|Any CPU.ActiveCfg = Release|Any CPU
		{5E3546DC-4F75-4F3A-81E5-06DCE0AA2607}.Release|Any CPU.Build.0 = Release|Any CPU
	EndGlobalSection
	GlobalSection(SolutionProperties) = preSolution
		HideSolutionNode = FALSE
	EndGlobalSection
	GlobalSection(ExtensibilityGlobals) = postSolution
		SolutionGuid = {200C6AD3-5313-49F6-BC09-FD24B3E081BB}
	EndGlobalSection
EndGlobal
