
Microsoft Visual Studio Solution File, Format Version 12.00
# Visual Studio 15
VisualStudioVersion = 15.0.28307.852
MinimumVisualStudioVersion = 10.0.40219.1
Project("{FAE04EC0-301F-11D3-BF4B-00C04F79EFBC}") = "Unity聊天室_Socket_TCP_服务器端", "Unity聊天室_Socket_TCP_服务器端\Unity聊天室_Socket_TCP_服务器端.csproj", "{0D86DA67-455D-488D-A994-E781F4837D80}"
EndProject
Global
	GlobalSection(SolutionConfigurationPlatforms) = preSolution
		Debug|Any CPU = Debug|Any CPU
		Release|Any CPU = Release|Any CPU
	EndGlobalSection
	GlobalSection(ProjectConfigurationPlatforms) = postSolution
		{0D86DA67-455D-488D-A994-E781F4837D80}.Debug|Any CPU.ActiveCfg = Debug|Any CPU
		{0D86DA67-455D-488D-A994-E781F4837D80}.Debug|Any CPU.Build.0 = Debug|Any CPU
		{0D86DA67-455D-488D-A994-E781F4837D80}.Release|Any CPU.ActiveCfg = Release|Any CPU
		{0D86DA67-455D-488D-A994-E781F4837D80}.Release|Any CPU.Build.0 = Release|Any CPU
	EndGlobalSection
	GlobalSection(SolutionProperties) = preSolution
		HideSolutionNode = FALSE
	EndGlobalSection
	GlobalSection(ExtensibilityGlobals) = postSolution
		SolutionGuid = {256466D2-AE64-49D8-ADB8-8ABC8DC9687B}
	EndGlobalSection
EndGlobal
