
Microsoft Visual Studio Solution File, Format Version 12.00
Project("{FAE04EC0-301F-11D3-BF4B-00C04F79EFBC}") = "GetPanel", "GetPanel\GetPanel.csproj", "{927BDF36-A113-4ED2-BF99-DB049D7292CF}"
EndProject
Global
	GlobalSection(SolutionConfigurationPlatforms) = preSolution
		Debug|Any CPU = Debug|Any CPU
		Release|Any CPU = Release|Any CPU
	EndGlobalSection
	GlobalSection(ProjectConfigurationPlatforms) = postSolution
		{927BDF36-A113-4ED2-BF99-DB049D7292CF}.Debug|Any CPU.ActiveCfg = Debug|Any CPU
		{927BDF36-A113-4ED2-BF99-DB049D7292CF}.Debug|Any CPU.Build.0 = Debug|Any CPU
		{927BDF36-A113-4ED2-BF99-DB049D7292CF}.Release|Any CPU.ActiveCfg = Release|Any CPU
		{927BDF36-A113-4ED2-BF99-DB049D7292CF}.Release|Any CPU.Build.0 = Release|Any CPU
	EndGlobalSection
EndGlobal
