
Microsoft Visual Studio Solution File, Format Version 12.00
# Visual Studio 15
VisualStudioVersion = 15.0.28307.705
MinimumVisualStudioVersion = 10.0.40219.1
Project("{FAE04EC0-301F-11D3-BF4B-00C04F79EFBC}") = "字符串空格替换", "字符串空格替换\字符串空格替换.csproj", "{4A2D321E-C673-4188-AA2E-0F901F00538C}"
EndProject
Global
	GlobalSection(SolutionConfigurationPlatforms) = preSolution
		Debug|Any CPU = Debug|Any CPU
		Release|Any CPU = Release|Any CPU
	EndGlobalSection
	GlobalSection(ProjectConfigurationPlatforms) = postSolution
		{4A2D321E-C673-4188-AA2E-0F901F00538C}.Debug|Any CPU.ActiveCfg = Debug|Any CPU
		{4A2D321E-C673-4188-AA2E-0F901F00538C}.Debug|Any CPU.Build.0 = Debug|Any CPU
		{4A2D321E-C673-4188-AA2E-0F901F00538C}.Release|Any CPU.ActiveCfg = Release|Any CPU
		{4A2D321E-C673-4188-AA2E-0F901F00538C}.Release|Any CPU.Build.0 = Release|Any CPU
	EndGlobalSection
	GlobalSection(SolutionProperties) = preSolution
		HideSolutionNode = FALSE
	EndGlobalSection
	GlobalSection(ExtensibilityGlobals) = postSolution
		SolutionGuid = {A6C1CDCB-3FF0-4EFB-8315-1D885DE85DC4}
	EndGlobalSection
EndGlobal
