
Microsoft Visual Studio Solution File, Format Version 12.00
# Visual Studio 15
VisualStudioVersion = 15.0.28307.852
MinimumVisualStudioVersion = 10.0.40219.1
Project("{FAE04EC0-301F-11D3-BF4B-00C04F79EFBC}") = "委托和事件的用法Demo", "委托和事件的用法Demo\委托和事件的用法Demo.csproj", "{DE49FFB8-565D-4457-BAEE-B513847A2EB5}"
EndProject
Global
	GlobalSection(SolutionConfigurationPlatforms) = preSolution
		Debug|Any CPU = Debug|Any CPU
		Release|Any CPU = Release|Any CPU
	EndGlobalSection
	GlobalSection(ProjectConfigurationPlatforms) = postSolution
		{DE49FFB8-565D-4457-BAEE-B513847A2EB5}.Debug|Any CPU.ActiveCfg = Debug|Any CPU
		{DE49FFB8-565D-4457-BAEE-B513847A2EB5}.Debug|Any CPU.Build.0 = Debug|Any CPU
		{DE49FFB8-565D-4457-BAEE-B513847A2EB5}.Release|Any CPU.ActiveCfg = Release|Any CPU
		{DE49FFB8-565D-4457-BAEE-B513847A2EB5}.Release|Any CPU.Build.0 = Release|Any CPU
	EndGlobalSection
	GlobalSection(SolutionProperties) = preSolution
		HideSolutionNode = FALSE
	EndGlobalSection
	GlobalSection(ExtensibilityGlobals) = postSolution
		SolutionGuid = {937E335F-1496-4EAB-8F46-125C05562EB5}
	EndGlobalSection
EndGlobal
