
Microsoft Visual Studio Solution File, Format Version 12.00
# Visual Studio 15
VisualStudioVersion = 15.0.28307.852
MinimumVisualStudioVersion = 10.0.40219.1
Project("{FAE04EC0-301F-11D3-BF4B-00C04F79EFBC}") = "客户端", "客户端\客户端.csproj", "{CC0B0E6C-654D-4D4B-8C1C-26F0AA8CAA29}"
EndProject
Global
	GlobalSection(SolutionConfigurationPlatforms) = preSolution
		Debug|Any CPU = Debug|Any CPU
		Release|Any CPU = Release|Any CPU
	EndGlobalSection
	GlobalSection(ProjectConfigurationPlatforms) = postSolution
		{CC0B0E6C-654D-4D4B-8C1C-26F0AA8CAA29}.Debug|Any CPU.ActiveCfg = Debug|Any CPU
		{CC0B0E6C-654D-4D4B-8C1C-26F0AA8CAA29}.Debug|Any CPU.Build.0 = Debug|Any CPU
		{CC0B0E6C-654D-4D4B-8C1C-26F0AA8CAA29}.Release|Any CPU.ActiveCfg = Release|Any CPU
		{CC0B0E6C-654D-4D4B-8C1C-26F0AA8CAA29}.Release|Any CPU.Build.0 = Release|Any CPU
	EndGlobalSection
	GlobalSection(SolutionProperties) = preSolution
		HideSolutionNode = FALSE
	EndGlobalSection
	GlobalSection(ExtensibilityGlobals) = postSolution
		SolutionGuid = {F0BF062C-73DE-4F8A-8ED7-1B29A5AEEB09}
	EndGlobalSection
EndGlobal
