
Microsoft Visual Studio Solution File, Format Version 12.00
# Visual Studio 15
VisualStudioVersion = 15.0.28307.168
MinimumVisualStudioVersion = 10.0.40219.1
Project("{FAE04EC0-301F-11D3-BF4B-00C04F79EFBC}") = "BreakPointTest", "BreakPointTest\BreakPointTest.csproj", "{5F974BFF-04B5-4164-8D96-64EE6CEFFE9D}"
EndProject
Project("{FAE04EC0-301F-11D3-BF4B-00C04F79EFBC}") = "Vector3", "Vector3\Vector3.csproj", "{5171EB48-C4CE-4415-BE88-3B59A94A0400}"
EndProject
Project("{FAE04EC0-301F-11D3-BF4B-00C04F79EFBC}") = "构造函数", "构造函数\构造函数.csproj", "{9BC78445-87F7-4CD2-85C3-B6EB248953AB}"
EndProject
Global
	GlobalSection(SolutionConfigurationPlatforms) = preSolution
		Debug|Any CPU = Debug|Any CPU
		Release|Any CPU = Release|Any CPU
	EndGlobalSection
	GlobalSection(ProjectConfigurationPlatforms) = postSolution
		{5F974BFF-04B5-4164-8D96-64EE6CEFFE9D}.Debug|Any CPU.ActiveCfg = Debug|Any CPU
		{5F974BFF-04B5-4164-8D96-64EE6CEFFE9D}.Debug|Any CPU.Build.0 = Debug|Any CPU
		{5F974BFF-04B5-4164-8D96-64EE6CEFFE9D}.Release|Any CPU.ActiveCfg = Release|Any CPU
		{5F974BFF-04B5-4164-8D96-64EE6CEFFE9D}.Release|Any CPU.Build.0 = Release|Any CPU
		{5171EB48-C4CE-4415-BE88-3B59A94A0400}.Debug|Any CPU.ActiveCfg = Debug|Any CPU
		{5171EB48-C4CE-4415-BE88-3B59A94A0400}.Debug|Any CPU.Build.0 = Debug|Any CPU
		{5171EB48-C4CE-4415-BE88-3B59A94A0400}.Release|Any CPU.ActiveCfg = Release|Any CPU
		{5171EB48-C4CE-4415-BE88-3B59A94A0400}.Release|Any CPU.Build.0 = Release|Any CPU
		{9BC78445-87F7-4CD2-85C3-B6EB248953AB}.Debug|Any CPU.ActiveCfg = Debug|Any CPU
		{9BC78445-87F7-4CD2-85C3-B6EB248953AB}.Debug|Any CPU.Build.0 = Debug|Any CPU
		{9BC78445-87F7-4CD2-85C3-B6EB248953AB}.Release|Any CPU.ActiveCfg = Release|Any CPU
		{9BC78445-87F7-4CD2-85C3-B6EB248953AB}.Release|Any CPU.Build.0 = Release|Any CPU
	EndGlobalSection
	GlobalSection(SolutionProperties) = preSolution
		HideSolutionNode = FALSE
	EndGlobalSection
	GlobalSection(ExtensibilityGlobals) = postSolution
		SolutionGuid = {4CD1EA7F-2E5B-4193-BDB8-0E7B1C33F451}
	EndGlobalSection
EndGlobal
