
Microsoft Visual Studio Solution File, Format Version 12.00
# Visual Studio 15
VisualStudioVersion = 15.0.28307.779
MinimumVisualStudioVersion = 10.0.40219.1
Project("{FAE04EC0-301F-11D3-BF4B-00C04F79EFBC}") = "NO.097_疯狂队列", "NO.097_疯狂队列\NO.097_疯狂队列.csproj", "{8E24978F-29FC-4568-9DB6-C2F86596D975}"
EndProject
Global
	GlobalSection(SolutionConfigurationPlatforms) = preSolution
		Debug|Any CPU = Debug|Any CPU
		Release|Any CPU = Release|Any CPU
	EndGlobalSection
	GlobalSection(ProjectConfigurationPlatforms) = postSolution
		{8E24978F-29FC-4568-9DB6-C2F86596D975}.Debug|Any CPU.ActiveCfg = Debug|Any CPU
		{8E24978F-29FC-4568-9DB6-C2F86596D975}.Debug|Any CPU.Build.0 = Debug|Any CPU
		{8E24978F-29FC-4568-9DB6-C2F86596D975}.Release|Any CPU.ActiveCfg = Release|Any CPU
		{8E24978F-29FC-4568-9DB6-C2F86596D975}.Release|Any CPU.Build.0 = Release|Any CPU
	EndGlobalSection
	GlobalSection(SolutionProperties) = preSolution
		HideSolutionNode = FALSE
	EndGlobalSection
	GlobalSection(ExtensibilityGlobals) = postSolution
		SolutionGuid = {BEB478C8-AC47-4F3C-A257-7B3DAD12794D}
	EndGlobalSection
EndGlobal
