
Microsoft Visual Studio Solution File, Format Version 12.00
# Visual Studio 15
VisualStudioVersion = 15.0.28307.852
MinimumVisualStudioVersion = 10.0.40219.1
Project("{FAE04EC0-301F-11D3-BF4B-00C04F79EFBC}") = "线程_委托方式发起线程", "线程_委托方式发起线程\线程_委托方式发起线程.csproj", "{C136CBB5-A820-4582-907A-600A06D55B60}"
EndProject
Project("{FAE04EC0-301F-11D3-BF4B-00C04F79EFBC}") = "Thread类发起线程", "Thread类发起线程\Thread类发起线程.csproj", "{3BF87501-2F81-4AE7-A3BF-8FDA9DB800E8}"
EndProject
Global
	GlobalSection(SolutionConfigurationPlatforms) = preSolution
		Debug|Any CPU = Debug|Any CPU
		Release|Any CPU = Release|Any CPU
	EndGlobalSection
	GlobalSection(ProjectConfigurationPlatforms) = postSolution
		{C136CBB5-A820-4582-907A-600A06D55B60}.Debug|Any CPU.ActiveCfg = Debug|Any CPU
		{C136CBB5-A820-4582-907A-600A06D55B60}.Debug|Any CPU.Build.0 = Debug|Any CPU
		{C136CBB5-A820-4582-907A-600A06D55B60}.Release|Any CPU.ActiveCfg = Release|Any CPU
		{C136CBB5-A820-4582-907A-600A06D55B60}.Release|Any CPU.Build.0 = Release|Any CPU
		{3BF87501-2F81-4AE7-A3BF-8FDA9DB800E8}.Debug|Any CPU.ActiveCfg = Debug|Any CPU
		{3BF87501-2F81-4AE7-A3BF-8FDA9DB800E8}.Debug|Any CPU.Build.0 = Debug|Any CPU
		{3BF87501-2F81-4AE7-A3BF-8FDA9DB800E8}.Release|Any CPU.ActiveCfg = Release|Any CPU
		{3BF87501-2F81-4AE7-A3BF-8FDA9DB800E8}.Release|Any CPU.Build.0 = Release|Any CPU
	EndGlobalSection
	GlobalSection(SolutionProperties) = preSolution
		HideSolutionNode = FALSE
	EndGlobalSection
	GlobalSection(ExtensibilityGlobals) = postSolution
		SolutionGuid = {2A1D221D-7BEC-4BD6-8E54-28A6C722F288}
	EndGlobalSection
EndGlobal
