
Microsoft Visual Studio Solution File, Format Version 12.00
# Visual Studio 15
VisualStudioVersion = 15.0.28307.852
MinimumVisualStudioVersion = 10.0.40219.1
Project("{FAE04EC0-301F-11D3-BF4B-00C04F79EFBC}") = "NO.015_链表分割", "NO.015_链表分割\NO.015_链表分割.csproj", "{991247CC-F4F6-4552-862B-5F71CD76A65C}"
EndProject
Global
	GlobalSection(SolutionConfigurationPlatforms) = preSolution
		Debug|Any CPU = Debug|Any CPU
		Release|Any CPU = Release|Any CPU
	EndGlobalSection
	GlobalSection(ProjectConfigurationPlatforms) = postSolution
		{991247CC-F4F6-4552-862B-5F71CD76A65C}.Debug|Any CPU.ActiveCfg = Debug|Any CPU
		{991247CC-F4F6-4552-862B-5F71CD76A65C}.Debug|Any CPU.Build.0 = Debug|Any CPU
		{991247CC-F4F6-4552-862B-5F71CD76A65C}.Release|Any CPU.ActiveCfg = Release|Any CPU
		{991247CC-F4F6-4552-862B-5F71CD76A65C}.Release|Any CPU.Build.0 = Release|Any CPU
	EndGlobalSection
	GlobalSection(SolutionProperties) = preSolution
		HideSolutionNode = FALSE
	EndGlobalSection
	GlobalSection(ExtensibilityGlobals) = postSolution
		SolutionGuid = {2CC63DE7-F7D2-4CCB-A52F-F0C17904DB4C}
	EndGlobalSection
EndGlobal
