
Microsoft Visual Studio Solution File, Format Version 12.00
# Visual Studio 15
VisualStudioVersion = 15.0.28307.779
MinimumVisualStudioVersion = 10.0.40219.1
Project("{FAE04EC0-301F-11D3-BF4B-00C04F79EFBC}") = "NO.091_彩色的砖块", "NO.091_彩色的砖块\NO.091_彩色的砖块.csproj", "{E85C755E-7234-42A9-9AA2-2487E612A520}"
EndProject
Global
	GlobalSection(SolutionConfigurationPlatforms) = preSolution
		Debug|Any CPU = Debug|Any CPU
		Release|Any CPU = Release|Any CPU
	EndGlobalSection
	GlobalSection(ProjectConfigurationPlatforms) = postSolution
		{E85C755E-7234-42A9-9AA2-2487E612A520}.Debug|Any CPU.ActiveCfg = Debug|Any CPU
		{E85C755E-7234-42A9-9AA2-2487E612A520}.Debug|Any CPU.Build.0 = Debug|Any CPU
		{E85C755E-7234-42A9-9AA2-2487E612A520}.Release|Any CPU.ActiveCfg = Release|Any CPU
		{E85C755E-7234-42A9-9AA2-2487E612A520}.Release|Any CPU.Build.0 = Release|Any CPU
	EndGlobalSection
	GlobalSection(SolutionProperties) = preSolution
		HideSolutionNode = FALSE
	EndGlobalSection
	GlobalSection(ExtensibilityGlobals) = postSolution
		SolutionGuid = {CF27F78D-297B-4CA1-9F00-CE4925607DDA}
	EndGlobalSection
EndGlobal
