
Microsoft Visual Studio Solution File, Format Version 12.00
# Visual Studio 15
VisualStudioVersion = 15.0.28307.779
MinimumVisualStudioVersion = 10.0.40219.1
Project("{FAE04EC0-301F-11D3-BF4B-00C04F79EFBC}") = "NO.073_求数列第n项", "NO.073_求数列第n项\NO.073_求数列第n项.csproj", "{8AD98065-55C3-40E8-BB8B-CA7D7016EA38}"
EndProject
Global
	GlobalSection(SolutionConfigurationPlatforms) = preSolution
		Debug|Any CPU = Debug|Any CPU
		Release|Any CPU = Release|Any CPU
	EndGlobalSection
	GlobalSection(ProjectConfigurationPlatforms) = postSolution
		{8AD98065-55C3-40E8-BB8B-CA7D7016EA38}.Debug|Any CPU.ActiveCfg = Debug|Any CPU
		{8AD98065-55C3-40E8-BB8B-CA7D7016EA38}.Debug|Any CPU.Build.0 = Debug|Any CPU
		{8AD98065-55C3-40E8-BB8B-CA7D7016EA38}.Release|Any CPU.ActiveCfg = Release|Any CPU
		{8AD98065-55C3-40E8-BB8B-CA7D7016EA38}.Release|Any CPU.Build.0 = Release|Any CPU
	EndGlobalSection
	GlobalSection(SolutionProperties) = preSolution
		HideSolutionNode = FALSE
	EndGlobalSection
	GlobalSection(ExtensibilityGlobals) = postSolution
		SolutionGuid = {20A5FE26-9D91-44F6-9970-7EA026450317}
	EndGlobalSection
EndGlobal
