
Microsoft Visual Studio Solution File, Format Version 12.00
# Visual Studio 15
VisualStudioVersion = 15.0.28307.779
MinimumVisualStudioVersion = 10.0.40219.1
Project("{FAE04EC0-301F-11D3-BF4B-00C04F79EFBC}") = "NO.081_链表合并", "NO.081_链表合并\NO.081_链表合并.csproj", "{D45ADC31-E46C-47DC-BEC0-675A07AF3A83}"
EndProject
Global
	GlobalSection(SolutionConfigurationPlatforms) = preSolution
		Debug|Any CPU = Debug|Any CPU
		Release|Any CPU = Release|Any CPU
	EndGlobalSection
	GlobalSection(ProjectConfigurationPlatforms) = postSolution
		{D45ADC31-E46C-47DC-BEC0-675A07AF3A83}.Debug|Any CPU.ActiveCfg = Debug|Any CPU
		{D45ADC31-E46C-47DC-BEC0-675A07AF3A83}.Debug|Any CPU.Build.0 = Debug|Any CPU
		{D45ADC31-E46C-47DC-BEC0-675A07AF3A83}.Release|Any CPU.ActiveCfg = Release|Any CPU
		{D45ADC31-E46C-47DC-BEC0-675A07AF3A83}.Release|Any CPU.Build.0 = Release|Any CPU
	EndGlobalSection
	GlobalSection(SolutionProperties) = preSolution
		HideSolutionNode = FALSE
	EndGlobalSection
	GlobalSection(ExtensibilityGlobals) = postSolution
		SolutionGuid = {8651BC1C-B8D1-4115-972F-5BD8B4B43D15}
	EndGlobalSection
EndGlobal
