
Microsoft Visual Studio Solution File, Format Version 12.00
# Visual Studio 15
VisualStudioVersion = 15.0.28307.852
MinimumVisualStudioVersion = 10.0.40219.1
Project("{FAE04EC0-301F-11D3-BF4B-00C04F79EFBC}") = "NO.130_集合栈", "NO.130_集合栈\NO.130_集合栈.csproj", "{DB5E573C-D920-4857-BAD3-800AED6E61E5}"
EndProject
Global
	GlobalSection(SolutionConfigurationPlatforms) = preSolution
		Debug|Any CPU = Debug|Any CPU
		Release|Any CPU = Release|Any CPU
	EndGlobalSection
	GlobalSection(ProjectConfigurationPlatforms) = postSolution
		{DB5E573C-D920-4857-BAD3-800AED6E61E5}.Debug|Any CPU.ActiveCfg = Debug|Any CPU
		{DB5E573C-D920-4857-BAD3-800AED6E61E5}.Debug|Any CPU.Build.0 = Debug|Any CPU
		{DB5E573C-D920-4857-BAD3-800AED6E61E5}.Release|Any CPU.ActiveCfg = Release|Any CPU
		{DB5E573C-D920-4857-BAD3-800AED6E61E5}.Release|Any CPU.Build.0 = Release|Any CPU
	EndGlobalSection
	GlobalSection(SolutionProperties) = preSolution
		HideSolutionNode = FALSE
	EndGlobalSection
	GlobalSection(ExtensibilityGlobals) = postSolution
		SolutionGuid = {80D0DB9D-884B-456A-941A-2A48D8AA4124}
	EndGlobalSection
EndGlobal
