
Microsoft Visual Studio Solution File, Format Version 12.00
# Visual Studio 15
VisualStudioVersion = 15.0.28307.852
MinimumVisualStudioVersion = 10.0.40219.1
Project("{FAE04EC0-301F-11D3-BF4B-00C04F79EFBC}") = "NO.145_穿点最多的直线", "NO.145_穿点最多的直线\NO.145_穿点最多的直线.csproj", "{3291BBD2-FF84-4081-B23F-A4E6B7BB1072}"
EndProject
Global
	GlobalSection(SolutionConfigurationPlatforms) = preSolution
		Debug|Any CPU = Debug|Any CPU
		Release|Any CPU = Release|Any CPU
	EndGlobalSection
	GlobalSection(ProjectConfigurationPlatforms) = postSolution
		{3291BBD2-FF84-4081-B23F-A4E6B7BB1072}.Debug|Any CPU.ActiveCfg = Debug|Any CPU
		{3291BBD2-FF84-4081-B23F-A4E6B7BB1072}.Debug|Any CPU.Build.0 = Debug|Any CPU
		{3291BBD2-FF84-4081-B23F-A4E6B7BB1072}.Release|Any CPU.ActiveCfg = Release|Any CPU
		{3291BBD2-FF84-4081-B23F-A4E6B7BB1072}.Release|Any CPU.Build.0 = Release|Any CPU
	EndGlobalSection
	GlobalSection(SolutionProperties) = preSolution
		HideSolutionNode = FALSE
	EndGlobalSection
	GlobalSection(ExtensibilityGlobals) = postSolution
		SolutionGuid = {6B68A9BD-ACE2-45EB-BE6B-E065293E930E}
	EndGlobalSection
EndGlobal
