
Microsoft Visual Studio Solution File, Format Version 12.00
# Visual Studio 15
VisualStudioVersion = 15.0.28307.779
MinimumVisualStudioVersion = 10.0.40219.1
Project("{FAE04EC0-301F-11D3-BF4B-00C04F79EFBC}") = "NO.054_查找第K大的元素", "NO.054_查找第K大的元素\NO.054_查找第K大的元素.csproj", "{9763B3F1-831D-416E-9654-FFA63697C8E3}"
EndProject
Global
	GlobalSection(SolutionConfigurationPlatforms) = preSolution
		Debug|Any CPU = Debug|Any CPU
		Release|Any CPU = Release|Any CPU
	EndGlobalSection
	GlobalSection(ProjectConfigurationPlatforms) = postSolution
		{9763B3F1-831D-416E-9654-FFA63697C8E3}.Debug|Any CPU.ActiveCfg = Debug|Any CPU
		{9763B3F1-831D-416E-9654-FFA63697C8E3}.Debug|Any CPU.Build.0 = Debug|Any CPU
		{9763B3F1-831D-416E-9654-FFA63697C8E3}.Release|Any CPU.ActiveCfg = Release|Any CPU
		{9763B3F1-831D-416E-9654-FFA63697C8E3}.Release|Any CPU.Build.0 = Release|Any CPU
	EndGlobalSection
	GlobalSection(SolutionProperties) = preSolution
		HideSolutionNode = FALSE
	EndGlobalSection
	GlobalSection(ExtensibilityGlobals) = postSolution
		SolutionGuid = {AEBAE11F-D240-446C-8114-92AB870D5C6C}
	EndGlobalSection
EndGlobal
