
Microsoft Visual Studio Solution File, Format Version 12.00
# Visual Studio 15
VisualStudioVersion = 15.0.28307.852
MinimumVisualStudioVersion = 10.0.40219.1
Project("{FAE04EC0-301F-11D3-BF4B-00C04F79EFBC}") = "NO.115_两两配对差值最小", "NO.115_两两配对差值最小\NO.115_两两配对差值最小.csproj", "{D2AC43BF-411A-4F21-9923-4AA690B8D9CC}"
EndProject
Global
	GlobalSection(SolutionConfigurationPlatforms) = preSolution
		Debug|Any CPU = Debug|Any CPU
		Release|Any CPU = Release|Any CPU
	EndGlobalSection
	GlobalSection(ProjectConfigurationPlatforms) = postSolution
		{D2AC43BF-411A-4F21-9923-4AA690B8D9CC}.Debug|Any CPU.ActiveCfg = Debug|Any CPU
		{D2AC43BF-411A-4F21-9923-4AA690B8D9CC}.Debug|Any CPU.Build.0 = Debug|Any CPU
		{D2AC43BF-411A-4F21-9923-4AA690B8D9CC}.Release|Any CPU.ActiveCfg = Release|Any CPU
		{D2AC43BF-411A-4F21-9923-4AA690B8D9CC}.Release|Any CPU.Build.0 = Release|Any CPU
	EndGlobalSection
	GlobalSection(SolutionProperties) = preSolution
		HideSolutionNode = FALSE
	EndGlobalSection
	GlobalSection(ExtensibilityGlobals) = postSolution
		SolutionGuid = {F18A4EBD-FFB8-4AC9-8FDE-FFC4BB4BAD0A}
	EndGlobalSection
EndGlobal
