
Microsoft Visual Studio Solution File, Format Version 12.00
# Visual Studio 15
VisualStudioVersion = 15.0.28307.779
MinimumVisualStudioVersion = 10.0.40219.1
Project("{FAE04EC0-301F-11D3-BF4B-00C04F79EFBC}") = "NO.026_最少数量货物装箱问题", "NO.026_最少数量货物装箱问题\NO.026_最少数量货物装箱问题.csproj", "{411C677E-0C64-4ECE-AEA0-852ED06F33FD}"
EndProject
Global
	GlobalSection(SolutionConfigurationPlatforms) = preSolution
		Debug|Any CPU = Debug|Any CPU
		Release|Any CPU = Release|Any CPU
	EndGlobalSection
	GlobalSection(ProjectConfigurationPlatforms) = postSolution
		{411C677E-0C64-4ECE-AEA0-852ED06F33FD}.Debug|Any CPU.ActiveCfg = Debug|Any CPU
		{411C677E-0C64-4ECE-AEA0-852ED06F33FD}.Debug|Any CPU.Build.0 = Debug|Any CPU
		{411C677E-0C64-4ECE-AEA0-852ED06F33FD}.Release|Any CPU.ActiveCfg = Release|Any CPU
		{411C677E-0C64-4ECE-AEA0-852ED06F33FD}.Release|Any CPU.Build.0 = Release|Any CPU
	EndGlobalSection
	GlobalSection(SolutionProperties) = preSolution
		HideSolutionNode = FALSE
	EndGlobalSection
	GlobalSection(ExtensibilityGlobals) = postSolution
		SolutionGuid = {1AE4E53F-5E87-4531-B836-21326DAE473A}
	EndGlobalSection
EndGlobal
